// !$*UTF8*$!
{
	archiveVersion = 1;
	classes = {
	};
	objectVersion = 46;
	objects = {

/* Begin PBXBuildFile section */
		9D2E7D9119573A1B001DB7D2 /* QuartzCore.framework in Frameworks */ = {isa = PBXBuildFile; fileRef = 9D2E7D9019573A1B001DB7D2 /* QuartzCore.framework */; };
		9D56F87A19634F7F00AD182A /* PipesManager.cpp in Sources */ = {isa = PBXBuildFile; fileRef = 9D56F87919634F7F00AD182A /* PipesManager.cpp */; };
		9D5E21E2194C6AE200288DD2 /* AppDelegate.mm in Sources */ = {isa = PBXBuildFile; fileRef = 9D5E21E1194C6AE200288DD2 /* AppDelegate.mm */; };
		9D5E21E4194C6B4800288DD2 /* InitFramework.cpp in Sources */ = {isa = PBXBuildFile; fileRef = 9D5E21E3194C6B4800288DD2 /* InitFramework.cpp */; };
		9D5E2217194C870700288DD2 /* Harvester.cpp in Sources */ = {isa = PBXBuildFile; fileRef = 9D5E2215194C870700288DD2 /* Harvester.cpp */; };
		9D5E221C194CB60400288DD2 /* UDPSender.cpp in Sources */ = {isa = PBXBuildFile; fileRef = 9D5E221A194CB60400288DD2 /* UDPSender.cpp */; };
		9D5E221F194CB6AC00288DD2 /* CustomPipe.cpp in Sources */ = {isa = PBXBuildFile; fileRef = 9D5E221E194CB6AC00288DD2 /* CustomPipe.cpp */; };
		9D5E2238194DE15A00288DD2 /* IpEndpointName.cpp in Sources */ = {isa = PBXBuildFile; fileRef = 9D5E222F194DE15A00288DD2 /* IpEndpointName.cpp */; };
		9D5E2239194DE15A00288DD2 /* NetworkingUtils.cpp in Sources */ = {isa = PBXBuildFile; fileRef = 9D5E2234194DE15A00288DD2 /* NetworkingUtils.cpp */; };
		9D5E223A194DE15A00288DD2 /* UdpSocket.cpp in Sources */ = {isa = PBXBuildFile; fileRef = 9D5E2235194DE15A00288DD2 /* UdpSocket.cpp */; };
		9D5E223C194DE17200288DD2 /* ThreadUtils.cpp in Sources */ = {isa = PBXBuildFile; fileRef = 9D5E223B194DE17200288DD2 /* ThreadUtils.cpp */; };
		9D5E22C7194E18DA00288DD2 /* UDPSendersManager.cpp in Sources */ = {isa = PBXBuildFile; fileRef = 9D5E22C5194E18DA00288DD2 /* UDPSendersManager.cpp */; };
		9D5E22DA194E41C400288DD2 /* OscOutboundPacketStream.cpp in Sources */ = {isa = PBXBuildFile; fileRef = 9D5E22D1194E41C400288DD2 /* OscOutboundPacketStream.cpp */; };
		9D5E22DB194E41C400288DD2 /* OscPrintReceivedElements.cpp in Sources */ = {isa = PBXBuildFile; fileRef = 9D5E22D4194E41C400288DD2 /* OscPrintReceivedElements.cpp */; };
		9D5E22DC194E41C400288DD2 /* OscReceivedElements.cpp in Sources */ = {isa = PBXBuildFile; fileRef = 9D5E22D6194E41C400288DD2 /* OscReceivedElements.cpp */; };
		9D5E22DD194E41C400288DD2 /* OscTypes.cpp in Sources */ = {isa = PBXBuildFile; fileRef = 9D5E22D8194E41C400288DD2 /* OscTypes.cpp */; };
		9D9F54211944AC8900EB7E48 /* SensorStandard.cpp in Sources */ = {isa = PBXBuildFile; fileRef = 9D9F541F1944AC8900EB7E48 /* SensorStandard.cpp */; };
		9D9F54241944BB2900EB7E48 /* SensorAudioInput.cpp in Sources */ = {isa = PBXBuildFile; fileRef = 9D9F54231944BB2900EB7E48 /* SensorAudioInput.cpp */; };
		9D9F54261944BCED00EB7E48 /* SensorAudioInputIosImpl.mm in Sources */ = {isa = PBXBuildFile; fileRef = 9D9F54251944BCED00EB7E48 /* SensorAudioInputIosImpl.mm */; };
		9D9F54291944D51100EB7E48 /* SensorStandardIosImpl.mm in Sources */ = {isa = PBXBuildFile; fileRef = DC15137F194485BE00DC7BF7 /* SensorStandardIosImpl.mm */; };
		DC151397194487AD00DC7BF7 /* Sensor.cpp in Sources */ = {isa = PBXBuildFile; fileRef = DC151393194487AD00DC7BF7 /* Sensor.cpp */; };
		DC151398194487AD00DC7BF7 /* SensorsManager.cpp in Sources */ = {isa = PBXBuildFile; fileRef = DC151394194487AD00DC7BF7 /* SensorsManager.cpp */; };
		DC4DFF57194CD2A10051E311 /* AVFoundation.framework in Frameworks */ = {isa = PBXBuildFile; fileRef = DC4DFF56194CD2A10051E311 /* AVFoundation.framework */; };
		DC4DFF59194CD2A80051E311 /* AudioToolbox.framework in Frameworks */ = {isa = PBXBuildFile; fileRef = DC4DFF58194CD2A80051E311 /* AudioToolbox.framework */; };
		DC4DFF6B194CD3590051E311 /* CAStreamBasicDescription.cpp in Sources */ = {isa = PBXBuildFile; fileRef = DC4DFF65194CD3590051E311 /* CAStreamBasicDescription.cpp */; };
		DC70A3C21944C38D0057AED4 /* Main_iPad.storyboard in Resources */ = {isa = PBXBuildFile; fileRef = DC70A3BE1944C38D0057AED4 /* Main_iPad.storyboard */; };
		DC70A3C31944C38D0057AED4 /* Main_iPhone.storyboard in Resources */ = {isa = PBXBuildFile; fileRef = DC70A3C01944C38D0057AED4 /* Main_iPhone.storyboard */; };
		DC70A3C81944CD3C0057AED4 /* FirstViewController.mm in Sources */ = {isa = PBXBuildFile; fileRef = DC70A3C51944CD3C0057AED4 /* FirstViewController.mm */; };
		DC70A3C91944CD3C0057AED4 /* SecondViewController.mm in Sources */ = {isa = PBXBuildFile; fileRef = DC70A3C71944CD3C0057AED4 /* SecondViewController.mm */; };
		DCE8BEA2194393B300D283E8 /* Foundation.framework in Frameworks */ = {isa = PBXBuildFile; fileRef = DCE8BEA1194393B300D283E8 /* Foundation.framework */; };
		DCE8BEA4194393B300D283E8 /* CoreGraphics.framework in Frameworks */ = {isa = PBXBuildFile; fileRef = DCE8BEA3194393B300D283E8 /* CoreGraphics.framework */; };
		DCE8BEA6194393B300D283E8 /* UIKit.framework in Frameworks */ = {isa = PBXBuildFile; fileRef = DCE8BEA5194393B300D283E8 /* UIKit.framework */; };
		DCE8BEAC194393B300D283E8 /* InfoPlist.strings in Resources */ = {isa = PBXBuildFile; fileRef = DCE8BEAA194393B300D283E8 /* InfoPlist.strings */; };
		DCE8BEAE194393B300D283E8 /* main.m in Sources */ = {isa = PBXBuildFile; fileRef = DCE8BEAD194393B300D283E8 /* main.m */; };
		DCE8BEC0194393B300D283E8 /* Images.xcassets in Resources */ = {isa = PBXBuildFile; fileRef = DCE8BEBF194393B300D283E8 /* Images.xcassets */; };
		DCE8BEE01943970100D283E8 /* CoreMotion.framework in Frameworks */ = {isa = PBXBuildFile; fileRef = DCE8BEDF1943970100D283E8 /* CoreMotion.framework */; };
/* End PBXBuildFile section */

/* Begin PBXFileReference section */
		9D13127C1958543400169049 /* TypeDefinitions.h */ = {isa = PBXFileReference; fileEncoding = 4; lastKnownFileType = sourcecode.c.h; name = TypeDefinitions.h; path = ../../../../src/include/TypeDefinitions.h; sourceTree = "<group>"; };
		9D2E7D9019573A1B001DB7D2 /* QuartzCore.framework */ = {isa = PBXFileReference; lastKnownFileType = wrapper.framework; name = QuartzCore.framework; path = System/Library/Frameworks/QuartzCore.framework; sourceTree = SDKROOT; };
		9D56F87919634F7F00AD182A /* PipesManager.cpp */ = {isa = PBXFileReference; fileEncoding = 4; lastKnownFileType = sourcecode.cpp.cpp; name = PipesManager.cpp; path = ../../../../src/PipesManager.cpp; sourceTree = "<group>"; };
		9D5E21E0194C6AE200288DD2 /* AppDelegate.h */ = {isa = PBXFileReference; fileEncoding = 4; lastKnownFileType = sourcecode.c.h; name = AppDelegate.h; path = AppLayout/AppDelegate.h; sourceTree = SOURCE_ROOT; };
		9D5E21E1194C6AE200288DD2 /* AppDelegate.mm */ = {isa = PBXFileReference; fileEncoding = 4; lastKnownFileType = sourcecode.cpp.objcpp; name = AppDelegate.mm; path = AppLayout/AppDelegate.mm; sourceTree = SOURCE_ROOT; };
		9D5E21E3194C6B4800288DD2 /* InitFramework.cpp */ = {isa = PBXFileReference; fileEncoding = 4; lastKnownFileType = sourcecode.cpp.cpp; name = InitFramework.cpp; path = ../../../../src/InitFramework.cpp; sourceTree = "<group>"; };
		9D5E2215194C870700288DD2 /* Harvester.cpp */ = {isa = PBXFileReference; fileEncoding = 4; lastKnownFileType = sourcecode.cpp.cpp; name = Harvester.cpp; path = ../../../../src/Harvester.cpp; sourceTree = "<group>"; };
		9D5E221A194CB60400288DD2 /* UDPSender.cpp */ = {isa = PBXFileReference; fileEncoding = 4; lastKnownFileType = sourcecode.cpp.cpp; name = UDPSender.cpp; path = ../../../../src/UDPSender.cpp; sourceTree = "<group>"; };
		9D5E221E194CB6AC00288DD2 /* CustomPipe.cpp */ = {isa = PBXFileReference; fileEncoding = 4; lastKnownFileType = sourcecode.cpp.cpp; name = CustomPipe.cpp; path = ../../../../src/CustomPipe.cpp; sourceTree = "<group>"; };
		9D5E222F194DE15A00288DD2 /* IpEndpointName.cpp */ = {isa = PBXFileReference; fileEncoding = 4; lastKnownFileType = sourcecode.cpp.cpp; name = IpEndpointName.cpp; path = ../../../../lib/oscpack_1_1_0/ip/IpEndpointName.cpp; sourceTree = "<group>"; };
		9D5E2230194DE15A00288DD2 /* IpEndpointName.h */ = {isa = PBXFileReference; fileEncoding = 4; lastKnownFileType = sourcecode.c.h; name = IpEndpointName.h; path = ../../../../lib/oscpack_1_1_0/ip/IpEndpointName.h; sourceTree = "<group>"; };
		9D5E2231194DE15A00288DD2 /* NetworkingUtils.h */ = {isa = PBXFileReference; fileEncoding = 4; lastKnownFileType = sourcecode.c.h; name = NetworkingUtils.h; path = ../../../../lib/oscpack_1_1_0/ip/NetworkingUtils.h; sourceTree = "<group>"; };
		9D5E2232194DE15A00288DD2 /* PacketListener.h */ = {isa = PBXFileReference; fileEncoding = 4; lastKnownFileType = sourcecode.c.h; name = PacketListener.h; path = ../../../../lib/oscpack_1_1_0/ip/PacketListener.h; sourceTree = "<group>"; };
		9D5E2234194DE15A00288DD2 /* NetworkingUtils.cpp */ = {isa = PBXFileReference; fileEncoding = 4; lastKnownFileType = sourcecode.cpp.cpp; path = NetworkingUtils.cpp; sourceTree = "<group>"; };
		9D5E2235194DE15A00288DD2 /* UdpSocket.cpp */ = {isa = PBXFileReference; fileEncoding = 4; lastKnownFileType = sourcecode.cpp.cpp; path = UdpSocket.cpp; sourceTree = "<group>"; };
		9D5E2236194DE15A00288DD2 /* TimerListener.h */ = {isa = PBXFileReference; fileEncoding = 4; lastKnownFileType = sourcecode.c.h; name = TimerListener.h; path = ../../../../lib/oscpack_1_1_0/ip/TimerListener.h; sourceTree = "<group>"; };
		9D5E2237194DE15A00288DD2 /* UdpSocket.h */ = {isa = PBXFileReference; fileEncoding = 4; lastKnownFileType = sourcecode.c.h; name = UdpSocket.h; path = ../../../../lib/oscpack_1_1_0/ip/UdpSocket.h; sourceTree = "<group>"; };
		9D5E223B194DE17200288DD2 /* ThreadUtils.cpp */ = {isa = PBXFileReference; fileEncoding = 4; lastKnownFileType = sourcecode.cpp.cpp; name = ThreadUtils.cpp; path = ../../../../src/ThreadUtils.cpp; sourceTree = "<group>"; };
		9D5E22C5194E18DA00288DD2 /* UDPSendersManager.cpp */ = {isa = PBXFileReference; fileEncoding = 4; lastKnownFileType = sourcecode.cpp.cpp; name = UDPSendersManager.cpp; path = ../../../../src/UDPSendersManager.cpp; sourceTree = "<group>"; };
		9D5E22CE194E41C400288DD2 /* MessageMappingOscPacketListener.h */ = {isa = PBXFileReference; fileEncoding = 4; lastKnownFileType = sourcecode.c.h; path = MessageMappingOscPacketListener.h; sourceTree = "<group>"; };
		9D5E22CF194E41C400288DD2 /* OscException.h */ = {isa = PBXFileReference; fileEncoding = 4; lastKnownFileType = sourcecode.c.h; path = OscException.h; sourceTree = "<group>"; };
		9D5E22D0194E41C400288DD2 /* OscHostEndianness.h */ = {isa = PBXFileReference; fileEncoding = 4; lastKnownFileType = sourcecode.c.h; path = OscHostEndianness.h; sourceTree = "<group>"; };
		9D5E22D1194E41C400288DD2 /* OscOutboundPacketStream.cpp */ = {isa = PBXFileReference; fileEncoding = 4; lastKnownFileType = sourcecode.cpp.cpp; path = OscOutboundPacketStream.cpp; sourceTree = "<group>"; };
		9D5E22D2194E41C400288DD2 /* OscOutboundPacketStream.h */ = {isa = PBXFileReference; fileEncoding = 4; lastKnownFileType = sourcecode.c.h; path = OscOutboundPacketStream.h; sourceTree = "<group>"; };
		9D5E22D3194E41C400288DD2 /* OscPacketListener.h */ = {isa = PBXFileReference; fileEncoding = 4; lastKnownFileType = sourcecode.c.h; path = OscPacketListener.h; sourceTree = "<group>"; };
		9D5E22D4194E41C400288DD2 /* OscPrintReceivedElements.cpp */ = {isa = PBXFileReference; fileEncoding = 4; lastKnownFileType = sourcecode.cpp.cpp; path = OscPrintReceivedElements.cpp; sourceTree = "<group>"; };
		9D5E22D5194E41C400288DD2 /* OscPrintReceivedElements.h */ = {isa = PBXFileReference; fileEncoding = 4; lastKnownFileType = sourcecode.c.h; path = OscPrintReceivedElements.h; sourceTree = "<group>"; };
		9D5E22D6194E41C400288DD2 /* OscReceivedElements.cpp */ = {isa = PBXFileReference; fileEncoding = 4; lastKnownFileType = sourcecode.cpp.cpp; path = OscReceivedElements.cpp; sourceTree = "<group>"; };
		9D5E22D7194E41C400288DD2 /* OscReceivedElements.h */ = {isa = PBXFileReference; fileEncoding = 4; lastKnownFileType = sourcecode.c.h; path = OscReceivedElements.h; sourceTree = "<group>"; };
		9D5E22D8194E41C400288DD2 /* OscTypes.cpp */ = {isa = PBXFileReference; fileEncoding = 4; lastKnownFileType = sourcecode.cpp.cpp; path = OscTypes.cpp; sourceTree = "<group>"; };
		9D5E22D9194E41C400288DD2 /* OscTypes.h */ = {isa = PBXFileReference; fileEncoding = 4; lastKnownFileType = sourcecode.c.h; path = OscTypes.h; sourceTree = "<group>"; };
		9D9F541F1944AC8900EB7E48 /* SensorStandard.cpp */ = {isa = PBXFileReference; fileEncoding = 4; lastKnownFileType = sourcecode.cpp.cpp; name = SensorStandard.cpp; path = ../../../../src/SensorStandard.cpp; sourceTree = "<group>"; };
		9D9F54231944BB2900EB7E48 /* SensorAudioInput.cpp */ = {isa = PBXFileReference; fileEncoding = 4; lastKnownFileType = sourcecode.cpp.cpp; name = SensorAudioInput.cpp; path = ../../../../src/SensorAudioInput.cpp; sourceTree = "<group>"; };
		9D9F54251944BCED00EB7E48 /* SensorAudioInputIosImpl.mm */ = {isa = PBXFileReference; fileEncoding = 4; lastKnownFileType = sourcecode.cpp.objcpp; path = SensorAudioInputIosImpl.mm; sourceTree = "<group>"; };
		DC15137F194485BE00DC7BF7 /* SensorStandardIosImpl.mm */ = {isa = PBXFileReference; fileEncoding = 4; lastKnownFileType = sourcecode.cpp.objcpp; path = SensorStandardIosImpl.mm; sourceTree = "<group>"; };
		DC151393194487AD00DC7BF7 /* Sensor.cpp */ = {isa = PBXFileReference; fileEncoding = 4; lastKnownFileType = sourcecode.cpp.cpp; name = Sensor.cpp; path = ../../../../src/Sensor.cpp; sourceTree = "<group>"; };
		DC151394194487AD00DC7BF7 /* SensorsManager.cpp */ = {isa = PBXFileReference; fileEncoding = 4; lastKnownFileType = sourcecode.cpp.cpp; name = SensorsManager.cpp; path = ../../../../src/SensorsManager.cpp; sourceTree = "<group>"; };
		DC15139A194487BE00DC7BF7 /* Sensor.h */ = {isa = PBXFileReference; fileEncoding = 4; lastKnownFileType = sourcecode.c.h; name = Sensor.h; path = ../../../../src/include/Sensor.h; sourceTree = "<group>"; };
		DC2BC2C2195C283A0011521F /* SensorsManager.h */ = {isa = PBXFileReference; fileEncoding = 4; lastKnownFileType = sourcecode.c.h; name = SensorsManager.h; path = ../../../../src/include/SensorsManager.h; sourceTree = "<group>"; };
		DC4DFF56194CD2A10051E311 /* AVFoundation.framework */ = {isa = PBXFileReference; lastKnownFileType = wrapper.framework; name = AVFoundation.framework; path = System/Library/Frameworks/AVFoundation.framework; sourceTree = SDKROOT; };
		DC4DFF58194CD2A80051E311 /* AudioToolbox.framework */ = {isa = PBXFileReference; lastKnownFileType = wrapper.framework; name = AudioToolbox.framework; path = System/Library/Frameworks/AudioToolbox.framework; sourceTree = SDKROOT; };
		DC4DFF65194CD3590051E311 /* CAStreamBasicDescription.cpp */ = {isa = PBXFileReference; fileEncoding = 4; lastKnownFileType = sourcecode.cpp.cpp; path = CAStreamBasicDescription.cpp; sourceTree = "<group>"; };
		DC4DFF66194CD3590051E311 /* CAStreamBasicDescription.h */ = {isa = PBXFileReference; fileEncoding = 4; lastKnownFileType = sourcecode.c.h; path = CAStreamBasicDescription.h; sourceTree = "<group>"; };
		DC70A3BF1944C38D0057AED4 /* Base */ = {isa = PBXFileReference; lastKnownFileType = file.storyboard; name = Base; path = Base.lproj/Main_iPad.storyboard; sourceTree = "<group>"; };
		DC70A3C11944C38D0057AED4 /* Base */ = {isa = PBXFileReference; lastKnownFileType = file.storyboard; name = Base; path = Base.lproj/Main_iPhone.storyboard; sourceTree = "<group>"; };
		DC70A3C41944CD3C0057AED4 /* FirstViewController.h */ = {isa = PBXFileReference; fileEncoding = 4; lastKnownFileType = sourcecode.c.h; path = FirstViewController.h; sourceTree = SOURCE_ROOT; };
		DC70A3C51944CD3C0057AED4 /* FirstViewController.mm */ = {isa = PBXFileReference; fileEncoding = 4; lastKnownFileType = sourcecode.cpp.objcpp; path = FirstViewController.mm; sourceTree = SOURCE_ROOT; };
		DC70A3C61944CD3C0057AED4 /* SecondViewController.h */ = {isa = PBXFileReference; fileEncoding = 4; lastKnownFileType = sourcecode.c.h; path = SecondViewController.h; sourceTree = SOURCE_ROOT; };
		DC70A3C71944CD3C0057AED4 /* SecondViewController.mm */ = {isa = PBXFileReference; fileEncoding = 4; lastKnownFileType = sourcecode.cpp.objcpp; path = SecondViewController.mm; sourceTree = SOURCE_ROOT; };
		DCE8BE9E194393B300D283E8 /* SCDF_Test.app */ = {isa = PBXFileReference; explicitFileType = wrapper.application; includeInIndex = 0; path = SCDF_Test.app; sourceTree = BUILT_PRODUCTS_DIR; };
		DCE8BEA1194393B300D283E8 /* Foundation.framework */ = {isa = PBXFileReference; lastKnownFileType = wrapper.framework; name = Foundation.framework; path = System/Library/Frameworks/Foundation.framework; sourceTree = SDKROOT; };
		DCE8BEA3194393B300D283E8 /* CoreGraphics.framework */ = {isa = PBXFileReference; lastKnownFileType = wrapper.framework; name = CoreGraphics.framework; path = System/Library/Frameworks/CoreGraphics.framework; sourceTree = SDKROOT; };
		DCE8BEA5194393B300D283E8 /* UIKit.framework */ = {isa = PBXFileReference; lastKnownFileType = wrapper.framework; name = UIKit.framework; path = System/Library/Frameworks/UIKit.framework; sourceTree = SDKROOT; };
		DCE8BEA9194393B300D283E8 /* SCDF_Test-Info.plist */ = {isa = PBXFileReference; lastKnownFileType = text.plist.xml; path = "SCDF_Test-Info.plist"; sourceTree = "<group>"; };
		DCE8BEAB194393B300D283E8 /* en */ = {isa = PBXFileReference; lastKnownFileType = text.plist.strings; name = en; path = en.lproj/InfoPlist.strings; sourceTree = "<group>"; };
		DCE8BEAD194393B300D283E8 /* main.m */ = {isa = PBXFileReference; lastKnownFileType = sourcecode.c.objc; path = main.m; sourceTree = "<group>"; };
		DCE8BEAF194393B300D283E8 /* SCDF_Test-Prefix.pch */ = {isa = PBXFileReference; lastKnownFileType = sourcecode.c.h; path = "SCDF_Test-Prefix.pch"; sourceTree = "<group>"; };
		DCE8BEBF194393B300D283E8 /* Images.xcassets */ = {isa = PBXFileReference; lastKnownFileType = folder.assetcatalog; path = Images.xcassets; sourceTree = "<group>"; };
		DCE8BEC6194393B300D283E8 /* XCTest.framework */ = {isa = PBXFileReference; lastKnownFileType = wrapper.framework; name = XCTest.framework; path = Library/Frameworks/XCTest.framework; sourceTree = DEVELOPER_DIR; };
		DCE8BEDF1943970100D283E8 /* CoreMotion.framework */ = {isa = PBXFileReference; lastKnownFileType = wrapper.framework; name = CoreMotion.framework; path = System/Library/Frameworks/CoreMotion.framework; sourceTree = SDKROOT; };
/* End PBXFileReference section */

/* Begin PBXFrameworksBuildPhase section */
		DCE8BE9B194393B300D283E8 /* Frameworks */ = {
			isa = PBXFrameworksBuildPhase;
			buildActionMask = 2147483647;
			files = (
				9D2E7D9119573A1B001DB7D2 /* QuartzCore.framework in Frameworks */,
				DC4DFF59194CD2A80051E311 /* AudioToolbox.framework in Frameworks */,
				DC4DFF57194CD2A10051E311 /* AVFoundation.framework in Frameworks */,
				DCE8BEE01943970100D283E8 /* CoreMotion.framework in Frameworks */,
				DCE8BEA4194393B300D283E8 /* CoreGraphics.framework in Frameworks */,
				DCE8BEA6194393B300D283E8 /* UIKit.framework in Frameworks */,
				DCE8BEA2194393B300D283E8 /* Foundation.framework in Frameworks */,
			);
			runOnlyForDeploymentPostprocessing = 0;
		};
/* End PBXFrameworksBuildPhase section */

/* Begin PBXGroup section */
		9D5E2233194DE15A00288DD2 /* posix */ = {
			isa = PBXGroup;
			children = (
				9D5E2234194DE15A00288DD2 /* NetworkingUtils.cpp */,
				9D5E2235194DE15A00288DD2 /* UdpSocket.cpp */,
			);
			name = posix;
			path = ../../../../lib/oscpack_1_1_0/ip/posix;
			sourceTree = "<group>";
		};
		9D5E22C4194E187E00288DD2 /* Ext_UDP_OSC */ = {
			isa = PBXGroup;
			children = (
				9D5E22CD194E41C400288DD2 /* osc */,
				9D5E222F194DE15A00288DD2 /* IpEndpointName.cpp */,
				9D5E2230194DE15A00288DD2 /* IpEndpointName.h */,
				9D5E2231194DE15A00288DD2 /* NetworkingUtils.h */,
				9D5E2232194DE15A00288DD2 /* PacketListener.h */,
				9D5E2233194DE15A00288DD2 /* posix */,
				9D5E2236194DE15A00288DD2 /* TimerListener.h */,
				9D5E2237194DE15A00288DD2 /* UdpSocket.h */,
			);
			name = Ext_UDP_OSC;
			sourceTree = "<group>";
		};
		9D5E22CD194E41C400288DD2 /* osc */ = {
			isa = PBXGroup;
			children = (
				9D5E22CE194E41C400288DD2 /* MessageMappingOscPacketListener.h */,
				9D5E22CF194E41C400288DD2 /* OscException.h */,
				9D5E22D0194E41C400288DD2 /* OscHostEndianness.h */,
				9D5E22D1194E41C400288DD2 /* OscOutboundPacketStream.cpp */,
				9D5E22D2194E41C400288DD2 /* OscOutboundPacketStream.h */,
				9D5E22D3194E41C400288DD2 /* OscPacketListener.h */,
				9D5E22D4194E41C400288DD2 /* OscPrintReceivedElements.cpp */,
				9D5E22D5194E41C400288DD2 /* OscPrintReceivedElements.h */,
				9D5E22D6194E41C400288DD2 /* OscReceivedElements.cpp */,
				9D5E22D7194E41C400288DD2 /* OscReceivedElements.h */,
				9D5E22D8194E41C400288DD2 /* OscTypes.cpp */,
				9D5E22D9194E41C400288DD2 /* OscTypes.h */,
			);
			name = osc;
			path = ../../../../lib/oscpack_1_1_0/osc;
			sourceTree = "<group>";
		};
		DC151372194485BE00DC7BF7 /* ios */ = {
			isa = PBXGroup;
			children = (
				DC151375194485BE00DC7BF7 /* AppLayout */,
				9D9F54251944BCED00EB7E48 /* SensorAudioInputIosImpl.mm */,
				DC15137F194485BE00DC7BF7 /* SensorStandardIosImpl.mm */,
			);
			name = ios;
			path = ../../../../src/ios;
			sourceTree = "<group>";
		};
		DC151375194485BE00DC7BF7 /* AppLayout */ = {
			isa = PBXGroup;
			children = (
				9D5E21E0194C6AE200288DD2 /* AppDelegate.h */,
				9D5E21E1194C6AE200288DD2 /* AppDelegate.mm */,
			);
			path = AppLayout;
			sourceTree = "<group>";
		};
		DC151391194487A100DC7BF7 /* src */ = {
			isa = PBXGroup;
			children = (
				9D56F87919634F7F00AD182A /* PipesManager.cpp */,
				DC2BC2C2195C283A0011521F /* SensorsManager.h */,
				9D13127C1958543400169049 /* TypeDefinitions.h */,
				9D5E22C4194E187E00288DD2 /* Ext_UDP_OSC */,
				9D5E223B194DE17200288DD2 /* ThreadUtils.cpp */,
				9D5E221E194CB6AC00288DD2 /* CustomPipe.cpp */,
				9D5E21E3194C6B4800288DD2 /* InitFramework.cpp */,
				DC15139A194487BE00DC7BF7 /* Sensor.h */,
				DC151393194487AD00DC7BF7 /* Sensor.cpp */,
				DC151394194487AD00DC7BF7 /* SensorsManager.cpp */,
				9D9F54231944BB2900EB7E48 /* SensorAudioInput.cpp */,
				9D9F541F1944AC8900EB7E48 /* SensorStandard.cpp */,
				9D5E2215194C870700288DD2 /* Harvester.cpp */,
				9D5E221A194CB60400288DD2 /* UDPSender.cpp */,
				9D5E22C5194E18DA00288DD2 /* UDPSendersManager.cpp */,
			);
			name = src;
			sourceTree = "<group>";
		};
		DC4DFF5D194CD34B0051E311 /* Utilities */ = {
			isa = PBXGroup;
			children = (
				DC4DFF5E194CD3590051E311 /* PublicUtility */,
			);
			name = Utilities;
			sourceTree = "<group>";
		};
		DC4DFF5E194CD3590051E311 /* PublicUtility */ = {
			isa = PBXGroup;
			children = (
				DC4DFF65194CD3590051E311 /* CAStreamBasicDescription.cpp */,
				DC4DFF66194CD3590051E311 /* CAStreamBasicDescription.h */,
			);
			name = PublicUtility;
			path = "../../../res/iOs Resources/PublicUtility";
			sourceTree = "<group>";
		};
		DCE8BE95194393B300D283E8 = {
			isa = PBXGroup;
			children = (
				DC4DFF5D194CD34B0051E311 /* Utilities */,
				DCE8BEA7194393B300D283E8 /* SCDF_Test */,
				DCE8BEA0194393B300D283E8 /* Frameworks */,
				DCE8BE9F194393B300D283E8 /* Products */,
			);
			sourceTree = "<group>";
		};
		DCE8BE9F194393B300D283E8 /* Products */ = {
			isa = PBXGroup;
			children = (
				DCE8BE9E194393B300D283E8 /* SCDF_Test.app */,
			);
			name = Products;
			sourceTree = "<group>";
		};
		DCE8BEA0194393B300D283E8 /* Frameworks */ = {
			isa = PBXGroup;
			children = (
				9D2E7D9019573A1B001DB7D2 /* QuartzCore.framework */,
				DC4DFF58194CD2A80051E311 /* AudioToolbox.framework */,
				DC4DFF56194CD2A10051E311 /* AVFoundation.framework */,
				DCE8BEDF1943970100D283E8 /* CoreMotion.framework */,
				DCE8BEA1194393B300D283E8 /* Foundation.framework */,
				DCE8BEA3194393B300D283E8 /* CoreGraphics.framework */,
				DCE8BEA5194393B300D283E8 /* UIKit.framework */,
				DCE8BEC6194393B300D283E8 /* XCTest.framework */,
			);
			name = Frameworks;
			sourceTree = "<group>";
		};
		DCE8BEA7194393B300D283E8 /* SCDF_Test */ = {
			isa = PBXGroup;
			children = (
				DC70A3C41944CD3C0057AED4 /* FirstViewController.h */,
				DC70A3C51944CD3C0057AED4 /* FirstViewController.mm */,
				DC70A3C61944CD3C0057AED4 /* SecondViewController.h */,
				DC70A3C71944CD3C0057AED4 /* SecondViewController.mm */,
				DC70A3BE1944C38D0057AED4 /* Main_iPad.storyboard */,
				DC70A3C01944C38D0057AED4 /* Main_iPhone.storyboard */,
				DC151391194487A100DC7BF7 /* src */,
				DC151372194485BE00DC7BF7 /* ios */,
				DCE8BEBF194393B300D283E8 /* Images.xcassets */,
				DCE8BEA8194393B300D283E8 /* Supporting Files */,
			);
			path = SCDF_Test;
			sourceTree = "<group>";
		};
		DCE8BEA8194393B300D283E8 /* Supporting Files */ = {
			isa = PBXGroup;
			children = (
				DCE8BEA9194393B300D283E8 /* SCDF_Test-Info.plist */,
				DCE8BEAA194393B300D283E8 /* InfoPlist.strings */,
				DCE8BEAD194393B300D283E8 /* main.m */,
				DCE8BEAF194393B300D283E8 /* SCDF_Test-Prefix.pch */,
			);
			name = "Supporting Files";
			sourceTree = "<group>";
		};
/* End PBXGroup section */

/* Begin PBXNativeTarget section */
		DCE8BE9D194393B300D283E8 /* SCDF_Test */ = {
			isa = PBXNativeTarget;
			buildConfigurationList = DCE8BED6194393B400D283E8 /* Build configuration list for PBXNativeTarget "SCDF_Test" */;
			buildPhases = (
				DCE8BE9A194393B300D283E8 /* Sources */,
				DCE8BE9B194393B300D283E8 /* Frameworks */,
				DCE8BE9C194393B300D283E8 /* Resources */,
			);
			buildRules = (
			);
			dependencies = (
			);
			name = SCDF_Test;
			productName = SCDF_Test;
			productReference = DCE8BE9E194393B300D283E8 /* SCDF_Test.app */;
			productType = "com.apple.product-type.application";
		};
/* End PBXNativeTarget section */

/* Begin PBXProject section */
		DCE8BE96194393B300D283E8 /* Project object */ = {
			isa = PBXProject;
			attributes = {
				LastUpgradeCheck = 0510;
				ORGANIZATIONNAME = "Marco Bertola";
			};
			buildConfigurationList = DCE8BE99194393B300D283E8 /* Build configuration list for PBXProject "SCDF_Test" */;
			compatibilityVersion = "Xcode 3.2";
			developmentRegion = English;
			hasScannedForEncodings = 0;
			knownRegions = (
				en,
				Base,
			);
			mainGroup = DCE8BE95194393B300D283E8;
			productRefGroup = DCE8BE9F194393B300D283E8 /* Products */;
			projectDirPath = "";
			projectRoot = "";
			targets = (
				DCE8BE9D194393B300D283E8 /* SCDF_Test */,
			);
		};
/* End PBXProject section */

/* Begin PBXResourcesBuildPhase section */
		DCE8BE9C194393B300D283E8 /* Resources */ = {
			isa = PBXResourcesBuildPhase;
			buildActionMask = 2147483647;
			files = (
				DC70A3C31944C38D0057AED4 /* Main_iPhone.storyboard in Resources */,
				DC70A3C21944C38D0057AED4 /* Main_iPad.storyboard in Resources */,
				DCE8BEC0194393B300D283E8 /* Images.xcassets in Resources */,
				DCE8BEAC194393B300D283E8 /* InfoPlist.strings in Resources */,
			);
			runOnlyForDeploymentPostprocessing = 0;
		};
/* End PBXResourcesBuildPhase section */

/* Begin PBXSourcesBuildPhase section */
		DCE8BE9A194393B300D283E8 /* Sources */ = {
			isa = PBXSourcesBuildPhase;
			buildActionMask = 2147483647;
			files = (
				9D9F54241944BB2900EB7E48 /* SensorAudioInput.cpp in Sources */,
				9D9F54291944D51100EB7E48 /* SensorStandardIosImpl.mm in Sources */,
				9D5E21E2194C6AE200288DD2 /* AppDelegate.mm in Sources */,
				9D56F87A19634F7F00AD182A /* PipesManager.cpp in Sources */,
				9D5E223C194DE17200288DD2 /* ThreadUtils.cpp in Sources */,
				9D5E2239194DE15A00288DD2 /* NetworkingUtils.cpp in Sources */,
				DC151398194487AD00DC7BF7 /* SensorsManager.cpp in Sources */,
				9D5E21E4194C6B4800288DD2 /* InitFramework.cpp in Sources */,
				9D5E22DC194E41C400288DD2 /* OscReceivedElements.cpp in Sources */,
				DC70A3C81944CD3C0057AED4 /* FirstViewController.mm in Sources */,
				DC151397194487AD00DC7BF7 /* Sensor.cpp in Sources */,
				9D5E221F194CB6AC00288DD2 /* CustomPipe.cpp in Sources */,
				9D5E22DA194E41C400288DD2 /* OscOutboundPacketStream.cpp in Sources */,
				9D5E2217194C870700288DD2 /* Harvester.cpp in Sources */,
				DCE8BEAE194393B300D283E8 /* main.m in Sources */,
				9D5E223A194DE15A00288DD2 /* UdpSocket.cpp in Sources */,
				9D9F54211944AC8900EB7E48 /* SensorStandard.cpp in Sources */,
				9D9F54261944BCED00EB7E48 /* SensorAudioInputIosImpl.mm in Sources */,
				9D5E22C7194E18DA00288DD2 /* UDPSendersManager.cpp in Sources */,
				9D5E221C194CB60400288DD2 /* UDPSender.cpp in Sources */,
				DC70A3C91944CD3C0057AED4 /* SecondViewController.mm in Sources */,
				DC4DFF6B194CD3590051E311 /* CAStreamBasicDescription.cpp in Sources */,
				9D5E2238194DE15A00288DD2 /* IpEndpointName.cpp in Sources */,
				9D5E22DD194E41C400288DD2 /* OscTypes.cpp in Sources */,
				9D5E22DB194E41C400288DD2 /* OscPrintReceivedElements.cpp in Sources */,
			);
			runOnlyForDeploymentPostprocessing = 0;
		};
/* End PBXSourcesBuildPhase section */

/* Begin PBXVariantGroup section */
		DC70A3BE1944C38D0057AED4 /* Main_iPad.storyboard */ = {
			isa = PBXVariantGroup;
			children = (
				DC70A3BF1944C38D0057AED4 /* Base */,
			);
			name = Main_iPad.storyboard;
			sourceTree = "<group>";
		};
		DC70A3C01944C38D0057AED4 /* Main_iPhone.storyboard */ = {
			isa = PBXVariantGroup;
			children = (
				DC70A3C11944C38D0057AED4 /* Base */,
			);
			name = Main_iPhone.storyboard;
			sourceTree = "<group>";
		};
		DCE8BEAA194393B300D283E8 /* InfoPlist.strings */ = {
			isa = PBXVariantGroup;
			children = (
				DCE8BEAB194393B300D283E8 /* en */,
			);
			name = InfoPlist.strings;
			sourceTree = "<group>";
		};
/* End PBXVariantGroup section */

/* Begin XCBuildConfiguration section */
		DCE8BED4194393B400D283E8 /* Debug */ = {
			isa = XCBuildConfiguration;
			buildSettings = {
				ALWAYS_SEARCH_USER_PATHS = NO;
				CLANG_CXX_LANGUAGE_STANDARD = "gnu++0x";
				CLANG_CXX_LIBRARY = "libc++";
				CLANG_ENABLE_MODULES = YES;
				CLANG_ENABLE_OBJC_ARC = YES;
				CLANG_WARN_BOOL_CONVERSION = YES;
				CLANG_WARN_CONSTANT_CONVERSION = YES;
				CLANG_WARN_DIRECT_OBJC_ISA_USAGE = YES_ERROR;
				CLANG_WARN_EMPTY_BODY = YES;
				CLANG_WARN_ENUM_CONVERSION = YES;
				CLANG_WARN_INT_CONVERSION = YES;
				CLANG_WARN_OBJC_ROOT_CLASS = YES_ERROR;
				CLANG_WARN__DUPLICATE_METHOD_MATCH = YES;
				CODE_SIGN_IDENTITY = "iPhone Developer";
				"CODE_SIGN_IDENTITY[sdk=iphoneos*]" = "iPhone Developer";
				COPY_PHASE_STRIP = NO;
				GCC_C_LANGUAGE_STANDARD = gnu99;
				GCC_DYNAMIC_NO_PIC = NO;
				GCC_OPTIMIZATION_LEVEL = 0;
				GCC_PREPROCESSOR_DEFINITIONS = (
					"DEBUG=1",
					"$(inherited)",
				);
				GCC_SYMBOLS_PRIVATE_EXTERN = NO;
				GCC_WARN_64_TO_32_BIT_CONVERSION = YES;
				GCC_WARN_ABOUT_RETURN_TYPE = YES_ERROR;
				GCC_WARN_UNDECLARED_SELECTOR = YES;
				GCC_WARN_UNINITIALIZED_AUTOS = YES_AGGRESSIVE;
				GCC_WARN_UNUSED_FUNCTION = YES;
				GCC_WARN_UNUSED_VARIABLE = YES;
				IPHONEOS_DEPLOYMENT_TARGET = 7.1;
				ONLY_ACTIVE_ARCH = YES;
				SDKROOT = iphoneos;
				TARGETED_DEVICE_FAMILY = "1,2";
			};
			name = Debug;
		};
		DCE8BED5194393B400D283E8 /* Release */ = {
			isa = XCBuildConfiguration;
			buildSettings = {
				ALWAYS_SEARCH_USER_PATHS = NO;
				CLANG_CXX_LANGUAGE_STANDARD = "gnu++0x";
				CLANG_CXX_LIBRARY = "libc++";
				CLANG_ENABLE_MODULES = YES;
				CLANG_ENABLE_OBJC_ARC = YES;
				CLANG_WARN_BOOL_CONVERSION = YES;
				CLANG_WARN_CONSTANT_CONVERSION = YES;
				CLANG_WARN_DIRECT_OBJC_ISA_USAGE = YES_ERROR;
				CLANG_WARN_EMPTY_BODY = YES;
				CLANG_WARN_ENUM_CONVERSION = YES;
				CLANG_WARN_INT_CONVERSION = YES;
				CLANG_WARN_OBJC_ROOT_CLASS = YES_ERROR;
				CLANG_WARN__DUPLICATE_METHOD_MATCH = YES;
				"CODE_SIGN_IDENTITY[sdk=iphoneos*]" = "iPhone Developer";
				COPY_PHASE_STRIP = YES;
				ENABLE_NS_ASSERTIONS = NO;
				GCC_C_LANGUAGE_STANDARD = gnu99;
				GCC_WARN_64_TO_32_BIT_CONVERSION = YES;
				GCC_WARN_ABOUT_RETURN_TYPE = YES_ERROR;
				GCC_WARN_UNDECLARED_SELECTOR = YES;
				GCC_WARN_UNINITIALIZED_AUTOS = YES_AGGRESSIVE;
				GCC_WARN_UNUSED_FUNCTION = YES;
				GCC_WARN_UNUSED_VARIABLE = YES;
				IPHONEOS_DEPLOYMENT_TARGET = 7.1;
				SDKROOT = iphoneos;
				TARGETED_DEVICE_FAMILY = "1,2";
				VALIDATE_PRODUCT = YES;
			};
			name = Release;
		};
		DCE8BED7194393B400D283E8 /* Debug */ = {
			isa = XCBuildConfiguration;
			buildSettings = {
				ASSETCATALOG_COMPILER_APPICON_NAME = AppIcon;
				ASSETCATALOG_COMPILER_LAUNCHIMAGE_NAME = LaunchImage;
				CLANG_CXX_LIBRARY = "libstdc++";
				CLANG_ENABLE_OBJC_ARC = NO;
				CODE_SIGN_IDENTITY = "iPhone Developer";
				"CODE_SIGN_IDENTITY[sdk=iphoneos*]" = "iPhone Developer";
				GCC_INPUT_FILETYPE = sourcecode.cpp.objcpp;
				GCC_PRECOMPILE_PREFIX_HEADER = YES;
				GCC_PREFIX_HEADER = "SCDF_Test/SCDF_Test-Prefix.pch";
				HEADER_SEARCH_PATHS = (
					"$(inherited)",
					/Applications/Xcode.app/Contents/Developer/Toolchains/XcodeDefault.xctoolchain/usr/include,
					$HOME/Documents/SCDF/trunk/src/include,
					$HOME/Documents/SCDF/trunk/src/ios/include,
					$HOME/Documents/SCDF/trunk/lib/oscpack_1_1_0,
				);
				INFOPLIST_FILE = "SCDF_Test/SCDF_Test-Info.plist";
				IPHONEOS_DEPLOYMENT_TARGET = 6.0;
				PRODUCT_NAME = "$(TARGET_NAME)";
				PROVISIONING_PROFILE = "5B9C004A-6659-418A-BE26-DA6BCEDD5760";
				VALID_ARCHS = "arm64 armv7 armv7s";
				WRAPPER_EXTENSION = app;
			};
			name = Debug;
		};
		DCE8BED8194393B400D283E8 /* Release */ = {
			isa = XCBuildConfiguration;
			buildSettings = {
				ASSETCATALOG_COMPILER_APPICON_NAME = AppIcon;
				ASSETCATALOG_COMPILER_LAUNCHIMAGE_NAME = LaunchImage;
				CLANG_CXX_LIBRARY = "libstdc++";
				CLANG_ENABLE_OBJC_ARC = NO;
				CODE_SIGN_IDENTITY = "iPhone Developer";
				"CODE_SIGN_IDENTITY[sdk=iphoneos*]" = "iPhone Distribution: Leonardo Di Carlo (S5C22B8JC9)";
				GCC_INPUT_FILETYPE = sourcecode.cpp.objcpp;
				GCC_PRECOMPILE_PREFIX_HEADER = YES;
				GCC_PREFIX_HEADER = "SCDF_Test/SCDF_Test-Prefix.pch";
				HEADER_SEARCH_PATHS = (
					"$(inherited)",
					/Applications/Xcode.app/Contents/Developer/Toolchains/XcodeDefault.xctoolchain/usr/include,
					$HOME/Documents/SCDF/trunk/src/include,
					$HOME/Documents/SCDF/trunk/src/ios/include,
					$HOME/Documents/SCDF/trunk/lib/oscpack_1_1_0,
				);
				INFOPLIST_FILE = "SCDF_Test/SCDF_Test-Info.plist";
				IPHONEOS_DEPLOYMENT_TARGET = 6.0;
				PRODUCT_NAME = "$(TARGET_NAME)";
				PROVISIONING_PROFILE = "5B9C004A-6659-418A-BE26-DA6BCEDD5760";
				VALID_ARCHS = "arm64 armv7 armv7s";
				WRAPPER_EXTENSION = app;
			};
			name = Release;
		};
/* End XCBuildConfiguration section */

/* Begin XCConfigurationList section */
		DCE8BE99194393B300D283E8 /* Build configuration list for PBXProject "SCDF_Test" */ = {
			isa = XCConfigurationList;
			buildConfigurations = (
				DCE8BED4194393B400D283E8 /* Debug */,
				DCE8BED5194393B400D283E8 /* Release */,
			);
			defaultConfigurationIsVisible = 0;
			defaultConfigurationName = Release;
		};
		DCE8BED6194393B400D283E8 /* Build configuration list for PBXNativeTarget "SCDF_Test" */ = {
			isa = XCConfigurationList;
			buildConfigurations = (
				DCE8BED7194393B400D283E8 /* Debug */,
				DCE8BED8194393B400D283E8 /* Release */,
			);
			defaultConfigurationIsVisible = 0;
			defaultConfigurationName = Release;
		};
/* End XCConfigurationList section */
	};
	rootObject = DCE8BE96194393B300D283E8 /* Project object */;
}
