// !$*UTF8*$!
{
	archiveVersion = 1;
	classes = {
	};
	objectVersion = 46;
	objects = {

/* Begin PBXBuildFile section */
		1AC6FB1F180E996B004C840B /* libbox2d Mac.a in Frameworks */ = {isa = PBXBuildFile; fileRef = 1AC6FAFF180E9839004C840B /* libbox2d Mac.a */; };
		1AC6FB20180E996B004C840B /* libchipmunk Mac.a in Frameworks */ = {isa = PBXBuildFile; fileRef = 1AC6FAFD180E9839004C840B /* libchipmunk Mac.a */; };
		1AC6FB21180E996B004C840B /* libcocos2dx Mac.a in Frameworks */ = {isa = PBXBuildFile; fileRef = 1AC6FAF9180E9839004C840B /* libcocos2dx Mac.a */; };
		1AC6FB22180E996B004C840B /* libcocos2dx-extensions Mac.a in Frameworks */ = {isa = PBXBuildFile; fileRef = 1AC6FAFB180E9839004C840B /* libcocos2dx-extensions Mac.a */; };
		1AC6FB23180E996B004C840B /* libCocosDenshion Mac.a in Frameworks */ = {isa = PBXBuildFile; fileRef = 1AC6FB01180E9839004C840B /* libCocosDenshion Mac.a */; };
		1AC6FB2E180E99EB004C840B /* libbox2d iOS.a in Frameworks */ = {isa = PBXBuildFile; fileRef = 1AC6FB0D180E9839004C840B /* libbox2d iOS.a */; };
		1AC6FB2F180E99EB004C840B /* libchipmunk iOS.a in Frameworks */ = {isa = PBXBuildFile; fileRef = 1AC6FB0B180E9839004C840B /* libchipmunk iOS.a */; };
		1AC6FB30180E99EB004C840B /* libcocos2dx iOS.a in Frameworks */ = {isa = PBXBuildFile; fileRef = 1AC6FB07180E9839004C840B /* libcocos2dx iOS.a */; };
		1AC6FB31180E99EB004C840B /* libcocos2dx-extensions iOS.a in Frameworks */ = {isa = PBXBuildFile; fileRef = 1AC6FB09180E9839004C840B /* libcocos2dx-extensions iOS.a */; };
		1AC6FB32180E99EB004C840B /* libCocosDenshion iOS.a in Frameworks */ = {isa = PBXBuildFile; fileRef = 1AC6FB0F180E9839004C840B /* libCocosDenshion iOS.a */; };
		1AFAF8B716D35DE700DB1158 /* AppDelegate.cpp in Sources */ = {isa = PBXBuildFile; fileRef = 1AFAF8B316D35DE700DB1158 /* AppDelegate.cpp */; };
		1AFAF8BC16D35E4900DB1158 /* CloseNormal.png in Resources */ = {isa = PBXBuildFile; fileRef = 1AFAF8B916D35E4900DB1158 /* CloseNormal.png */; };
		1AFAF8BD16D35E4900DB1158 /* CloseSelected.png in Resources */ = {isa = PBXBuildFile; fileRef = 1AFAF8BA16D35E4900DB1158 /* CloseSelected.png */; };
		1AFAF8BE16D35E4900DB1158 /* HelloWorld.png in Resources */ = {isa = PBXBuildFile; fileRef = 1AFAF8BB16D35E4900DB1158 /* HelloWorld.png */; };
		1D60589F0D05DD5A006BFB54 /* Foundation.framework in Frameworks */ = {isa = PBXBuildFile; fileRef = 1D30AB110D05D00D00671497 /* Foundation.framework */; };
		1DF5F4E00D08C38300B7A737 /* UIKit.framework in Frameworks */ = {isa = PBXBuildFile; fileRef = 1DF5F4DF0D08C38300B7A737 /* UIKit.framework */; };
		288765A50DF7441C002DB57D /* CoreGraphics.framework in Frameworks */ = {isa = PBXBuildFile; fileRef = 288765A40DF7441C002DB57D /* CoreGraphics.framework */; };
		503AE0F817EB97AB00D1A890 /* Icon.icns in Resources */ = {isa = PBXBuildFile; fileRef = 503AE0F617EB97AB00D1A890 /* Icon.icns */; };
		503AE10017EB989F00D1A890 /* AppController.mm in Sources */ = {isa = PBXBuildFile; fileRef = 503AE0FB17EB989F00D1A890 /* AppController.mm */; };
		503AE10117EB989F00D1A890 /* main.m in Sources */ = {isa = PBXBuildFile; fileRef = 503AE0FC17EB989F00D1A890 /* main.m */; };
		503AE10217EB989F00D1A890 /* RootViewController.mm in Sources */ = {isa = PBXBuildFile; fileRef = 503AE0FF17EB989F00D1A890 /* RootViewController.mm */; };
		503AE10517EB98FF00D1A890 /* main.cpp in Sources */ = {isa = PBXBuildFile; fileRef = 503AE10317EB98FF00D1A890 /* main.cpp */; };
		503AE11217EB99EE00D1A890 /* libcurl.dylib in Frameworks */ = {isa = PBXBuildFile; fileRef = 503AE11117EB99EE00D1A890 /* libcurl.dylib */; };
		503AE11B17EB9C5A00D1A890 /* IOKit.framework in Frameworks */ = {isa = PBXBuildFile; fileRef = 503AE11A17EB9C5A00D1A890 /* IOKit.framework */; };
		5087E75317EB910900C73F5D /* CloseNormal.png in Resources */ = {isa = PBXBuildFile; fileRef = 1AFAF8B916D35E4900DB1158 /* CloseNormal.png */; };
		5087E75417EB910900C73F5D /* CloseSelected.png in Resources */ = {isa = PBXBuildFile; fileRef = 1AFAF8BA16D35E4900DB1158 /* CloseSelected.png */; };
		5087E75517EB910900C73F5D /* HelloWorld.png in Resources */ = {isa = PBXBuildFile; fileRef = 1AFAF8BB16D35E4900DB1158 /* HelloWorld.png */; };
		5087E75717EB910900C73F5D /* AppDelegate.cpp in Sources */ = {isa = PBXBuildFile; fileRef = 1AFAF8B316D35DE700DB1158 /* AppDelegate.cpp */; };
		5087E76317EB910900C73F5D /* Foundation.framework in Frameworks */ = {isa = PBXBuildFile; fileRef = 1D30AB110D05D00D00671497 /* Foundation.framework */; };
		5087E76517EB910900C73F5D /* CoreGraphics.framework in Frameworks */ = {isa = PBXBuildFile; fileRef = 288765A40DF7441C002DB57D /* CoreGraphics.framework */; };
		5087E76717EB910900C73F5D /* libz.dylib in Frameworks */ = {isa = PBXBuildFile; fileRef = BF170DB412928DE900B8313A /* libz.dylib */; };
		5087E76817EB910900C73F5D /* QuartzCore.framework in Frameworks */ = {isa = PBXBuildFile; fileRef = BF1C47EA1293683800B63C5D /* QuartzCore.framework */; };
		5087E76917EB910900C73F5D /* OpenAL.framework in Frameworks */ = {isa = PBXBuildFile; fileRef = D44C620B132DFF330009C878 /* OpenAL.framework */; };
		5087E76A17EB910900C73F5D /* AVFoundation.framework in Frameworks */ = {isa = PBXBuildFile; fileRef = D44C620D132DFF430009C878 /* AVFoundation.framework */; };
		5087E76B17EB910900C73F5D /* AudioToolbox.framework in Frameworks */ = {isa = PBXBuildFile; fileRef = D44C620F132DFF4E0009C878 /* AudioToolbox.framework */; };
		5087E77D17EB970100C73F5D /* Default-568h@2x.png in Resources */ = {isa = PBXBuildFile; fileRef = 5087E77217EB970100C73F5D /* Default-568h@2x.png */; };
		5087E77E17EB970100C73F5D /* Default.png in Resources */ = {isa = PBXBuildFile; fileRef = 5087E77317EB970100C73F5D /* Default.png */; };
		5087E77F17EB970100C73F5D /* Default@2x.png in Resources */ = {isa = PBXBuildFile; fileRef = 5087E77417EB970100C73F5D /* Default@2x.png */; };
		5087E78017EB970100C73F5D /* Icon-114.png in Resources */ = {isa = PBXBuildFile; fileRef = 5087E77517EB970100C73F5D /* Icon-114.png */; };
		5087E78117EB970100C73F5D /* Icon-120.png in Resources */ = {isa = PBXBuildFile; fileRef = 5087E77617EB970100C73F5D /* Icon-120.png */; };
		5087E78217EB970100C73F5D /* Icon-144.png in Resources */ = {isa = PBXBuildFile; fileRef = 5087E77717EB970100C73F5D /* Icon-144.png */; };
		5087E78317EB970100C73F5D /* Icon-152.png in Resources */ = {isa = PBXBuildFile; fileRef = 5087E77817EB970100C73F5D /* Icon-152.png */; };
		5087E78417EB970100C73F5D /* Icon-57.png in Resources */ = {isa = PBXBuildFile; fileRef = 5087E77917EB970100C73F5D /* Icon-57.png */; };
		5087E78517EB970100C73F5D /* Icon-72.png in Resources */ = {isa = PBXBuildFile; fileRef = 5087E77A17EB970100C73F5D /* Icon-72.png */; };
		5087E78617EB970100C73F5D /* Icon-76.png in Resources */ = {isa = PBXBuildFile; fileRef = 5087E77B17EB970100C73F5D /* Icon-76.png */; };
		5087E78917EB974C00C73F5D /* AppKit.framework in Frameworks */ = {isa = PBXBuildFile; fileRef = 5087E78817EB974C00C73F5D /* AppKit.framework */; };
		5087E78B17EB975400C73F5D /* OpenGL.framework in Frameworks */ = {isa = PBXBuildFile; fileRef = 5087E78A17EB975400C73F5D /* OpenGL.framework */; };
		50EF629617ECD46A001EB2F8 /* Icon-40.png in Resources */ = {isa = PBXBuildFile; fileRef = 50EF629217ECD46A001EB2F8 /* Icon-40.png */; };
		50EF629717ECD46A001EB2F8 /* Icon-58.png in Resources */ = {isa = PBXBuildFile; fileRef = 50EF629317ECD46A001EB2F8 /* Icon-58.png */; };
		50EF629817ECD46A001EB2F8 /* Icon-80.png in Resources */ = {isa = PBXBuildFile; fileRef = 50EF629417ECD46A001EB2F8 /* Icon-80.png */; };
		50EF629917ECD46A001EB2F8 /* Icon-100.png in Resources */ = {isa = PBXBuildFile; fileRef = 50EF629517ECD46A001EB2F8 /* Icon-100.png */; };
		50EF62A217ECD613001EB2F8 /* Icon-29.png in Resources */ = {isa = PBXBuildFile; fileRef = 50EF62A017ECD613001EB2F8 /* Icon-29.png */; };
		50EF62A317ECD613001EB2F8 /* Icon-50.png in Resources */ = {isa = PBXBuildFile; fileRef = 50EF62A117ECD613001EB2F8 /* Icon-50.png */; };
		9D64E9EC1A17935500B83274 /* SCDFCScrollView.cpp in Sources */ = {isa = PBXBuildFile; fileRef = 9D64E9EA1A17935500B83274 /* SCDFCScrollView.cpp */; };
		9D64E9EF1A17C54300B83274 /* SCDFCWorkingPanel.cpp in Sources */ = {isa = PBXBuildFile; fileRef = 9D64E9ED1A17C54300B83274 /* SCDFCWorkingPanel.cpp */; };
		9D82C2CF1A1C04EB00FF1243 /* SCDFCItems.cpp in Sources */ = {isa = PBXBuildFile; fileRef = 9D82C2CD1A1C04EB00FF1243 /* SCDFCItems.cpp */; };
		9DA502281A40D7D90091ABC6 /* test_knob.png in Resources */ = {isa = PBXBuildFile; fileRef = 9DA502271A40D7D90091ABC6 /* test_knob.png */; };
		9DC09E711A06922300997F04 /* MainScene.cpp in Sources */ = {isa = PBXBuildFile; fileRef = 9DC09E6F1A06922300997F04 /* MainScene.cpp */; };
		BF171245129291EC00B8313A /* OpenGLES.framework in Frameworks */ = {isa = PBXBuildFile; fileRef = BF170DB012928DE900B8313A /* OpenGLES.framework */; };
		BF1712471292920000B8313A /* libz.dylib in Frameworks */ = {isa = PBXBuildFile; fileRef = BF170DB412928DE900B8313A /* libz.dylib */; };
		BF1C47F01293687400B63C5D /* QuartzCore.framework in Frameworks */ = {isa = PBXBuildFile; fileRef = BF1C47EA1293683800B63C5D /* QuartzCore.framework */; };
		CCBBE2AC1A7547A400C4B34C /* CustomPipe.cpp in Sources */ = {isa = PBXBuildFile; fileRef = CCBBE28D1A7546F400C4B34C /* CustomPipe.cpp */; };
		CCBBE2AD1A7547A400C4B34C /* Harvester.cpp in Sources */ = {isa = PBXBuildFile; fileRef = CCBBE28E1A7546F400C4B34C /* Harvester.cpp */; };
		CCBBE2AF1A7547A400C4B34C /* PipesManager.cpp in Sources */ = {isa = PBXBuildFile; fileRef = CCBBE2901A7546F400C4B34C /* PipesManager.cpp */; };
		CCBBE2B01A7547A400C4B34C /* Receiver.cpp in Sources */ = {isa = PBXBuildFile; fileRef = CCBBE2911A7546F400C4B34C /* Receiver.cpp */; };
		CCBBE2B11A7547A400C4B34C /* Sensor.cpp in Sources */ = {isa = PBXBuildFile; fileRef = CCBBE2851A7546D700C4B34C /* Sensor.cpp */; };
		CCBBE2B21A7547A400C4B34C /* SensorAudioInput.cpp in Sources */ = {isa = PBXBuildFile; fileRef = CCBBE2861A7546D700C4B34C /* SensorAudioInput.cpp */; };
		CCBBE2B31A7547A400C4B34C /* SensorsManager.cpp in Sources */ = {isa = PBXBuildFile; fileRef = CCBBE2871A7546D700C4B34C /* SensorsManager.cpp */; };
		CCBBE2B41A7547A400C4B34C /* SensorStandard.cpp in Sources */ = {isa = PBXBuildFile; fileRef = CCBBE2881A7546D700C4B34C /* SensorStandard.cpp */; };
		CCBBE2B51A7547A400C4B34C /* ThreadUtils.cpp in Sources */ = {isa = PBXBuildFile; fileRef = CCBBE27F1A7546C100C4B34C /* ThreadUtils.cpp */; };
		CCBBE2B61A7547A400C4B34C /* UDPSender.cpp in Sources */ = {isa = PBXBuildFile; fileRef = CCBBE2801A7546C100C4B34C /* UDPSender.cpp */; };
		CCBBE2B71A7547A400C4B34C /* UDPSendersManager.cpp in Sources */ = {isa = PBXBuildFile; fileRef = CCBBE2811A7546C100C4B34C /* UDPSendersManager.cpp */; };
		CCBBE2BD1A7547A700C4B34C /* SaveSettings.mm in Sources */ = {isa = PBXBuildFile; fileRef = CCBBE29D1A75474200C4B34C /* SaveSettings.mm */; };
		CCBBE2BF1A7547A700C4B34C /* SensorAudioInputIosImpl.mm in Sources */ = {isa = PBXBuildFile; fileRef = CCBBE29F1A75474200C4B34C /* SensorAudioInputIosImpl.mm */; };
		CCBBE2C01A7547A700C4B34C /* SensorStandardIos.mm in Sources */ = {isa = PBXBuildFile; fileRef = CCBBE2A01A75474200C4B34C /* SensorStandardIos.mm */; };
		CCBBE2C11A7547A700C4B34C /* SensorStandardIosImpl.mm in Sources */ = {isa = PBXBuildFile; fileRef = CCBBE2A11A75474200C4B34C /* SensorStandardIosImpl.mm */; };
		CCBBE2D01A754ACA00C4B34C /* OscOutboundPacketStream.cpp in Sources */ = {isa = PBXBuildFile; fileRef = CCBBE2C71A754ACA00C4B34C /* OscOutboundPacketStream.cpp */; };
		CCBBE2D11A754ACA00C4B34C /* OscPrintReceivedElements.cpp in Sources */ = {isa = PBXBuildFile; fileRef = CCBBE2CA1A754ACA00C4B34C /* OscPrintReceivedElements.cpp */; };
		CCBBE2D21A754ACA00C4B34C /* OscReceivedElements.cpp in Sources */ = {isa = PBXBuildFile; fileRef = CCBBE2CC1A754ACA00C4B34C /* OscReceivedElements.cpp */; };
		CCBBE2D31A754ACA00C4B34C /* OscTypes.cpp in Sources */ = {isa = PBXBuildFile; fileRef = CCBBE2CE1A754ACA00C4B34C /* OscTypes.cpp */; };
		CCBBE2DA1A754ADE00C4B34C /* IpEndpointName.cpp in Sources */ = {isa = PBXBuildFile; fileRef = CCBBE2D91A754ADE00C4B34C /* IpEndpointName.cpp */; };
		CCBBE2DE1A754AE700C4B34C /* NetworkingUtils.cpp in Sources */ = {isa = PBXBuildFile; fileRef = CCBBE2DC1A754AE700C4B34C /* NetworkingUtils.cpp */; };
		CCBBE2DF1A754AE700C4B34C /* UdpSocket.cpp in Sources */ = {isa = PBXBuildFile; fileRef = CCBBE2DD1A754AE700C4B34C /* UdpSocket.cpp */; };
		CCBBE2E41A754CC800C4B34C /* CAStreamBasicDescription.cpp in Sources */ = {isa = PBXBuildFile; fileRef = CCBBE2E31A754CC800C4B34C /* CAStreamBasicDescription.cpp */; };
		CCBBE3751A7561A500C4B34C /* ScdfSensorAPI.cpp in Sources */ = {isa = PBXBuildFile; fileRef = CCBBE3731A7561A500C4B34C /* ScdfSensorAPI.cpp */; };
		D44C620C132DFF330009C878 /* OpenAL.framework in Frameworks */ = {isa = PBXBuildFile; fileRef = D44C620B132DFF330009C878 /* OpenAL.framework */; };
		D44C620E132DFF430009C878 /* AVFoundation.framework in Frameworks */ = {isa = PBXBuildFile; fileRef = D44C620D132DFF430009C878 /* AVFoundation.framework */; };
		D44C6210132DFF4E0009C878 /* AudioToolbox.framework in Frameworks */ = {isa = PBXBuildFile; fileRef = D44C620F132DFF4E0009C878 /* AudioToolbox.framework */; };
		D6B0611B1803AB670077942B /* CoreMotion.framework in Frameworks */ = {isa = PBXBuildFile; fileRef = D6B0611A1803AB670077942B /* CoreMotion.framework */; };
		DC175EA41A46E230009DCA73 /* MidiOutConnectionIOS.mm in Sources */ = {isa = PBXBuildFile; fileRef = DC175EA31A46E230009DCA73 /* MidiOutConnectionIOS.mm */; };
		DC175EA91A473B70009DCA73 /* SliderBack.png in Resources */ = {isa = PBXBuildFile; fileRef = DC175EA71A473B70009DCA73 /* SliderBack.png */; };
		DC175EAA1A473B70009DCA73 /* SliderHandle.png in Resources */ = {isa = PBXBuildFile; fileRef = DC175EA81A473B70009DCA73 /* SliderHandle.png */; };
		DC175EAE1A4749F6009DCA73 /* PropertiesPanel.cpp in Sources */ = {isa = PBXBuildFile; fileRef = DC175EAC1A4749F6009DCA73 /* PropertiesPanel.cpp */; };
		DC175EB11A4752AA009DCA73 /* ToggleOff.png in Resources */ = {isa = PBXBuildFile; fileRef = DC175EAF1A4752AA009DCA73 /* ToggleOff.png */; };
		DC175EB21A4752AA009DCA73 /* ToggleOn.png in Resources */ = {isa = PBXBuildFile; fileRef = DC175EB01A4752AA009DCA73 /* ToggleOn.png */; };
		DC175EB31A475457009DCA73 /* ControlUnit.cpp in Sources */ = {isa = PBXBuildFile; fileRef = DC175EAB1A4749F6009DCA73 /* ControlUnit.cpp */; };
		DC175EB61A475DD0009DCA73 /* ToggleItemsOff.png in Resources */ = {isa = PBXBuildFile; fileRef = DC175EB41A475DD0009DCA73 /* ToggleItemsOff.png */; };
		DC175EB71A475DD0009DCA73 /* ToggleItemsOn.png in Resources */ = {isa = PBXBuildFile; fileRef = DC175EB51A475DD0009DCA73 /* ToggleItemsOn.png */; };
		DC175EBA1A475DD7009DCA73 /* TogglePannelOff.png in Resources */ = {isa = PBXBuildFile; fileRef = DC175EB81A475DD7009DCA73 /* TogglePannelOff.png */; };
		DC175EBB1A475DD7009DCA73 /* TogglePannelOn.png in Resources */ = {isa = PBXBuildFile; fileRef = DC175EB91A475DD7009DCA73 /* TogglePannelOn.png */; };
		DC562A5E1A518D38009C5C95 /* DropDownMenu.cpp in Sources */ = {isa = PBXBuildFile; fileRef = DC562A5D1A518D38009C5C95 /* DropDownMenu.cpp */; };
		DC562A641A5199F6009C5C95 /* ToggleBackground.png in Resources */ = {isa = PBXBuildFile; fileRef = DC562A631A5199F6009C5C95 /* ToggleBackground.png */; };
		DC8BDAFA1A4DE22900690B01 /* ToggleEditOff.png in Resources */ = {isa = PBXBuildFile; fileRef = DC8BDAF91A4DE22900690B01 /* ToggleEditOff.png */; };
		DC8BDAFE1A4DE40F00690B01 /* ToggleEditOn.png in Resources */ = {isa = PBXBuildFile; fileRef = DC8BDAFD1A4DE40F00690B01 /* ToggleEditOn.png */; };
		DC9381A51A48E19D000F3EA2 /* ButtonGrid.png in Resources */ = {isa = PBXBuildFile; fileRef = DC9381A31A48E19D000F3EA2 /* ButtonGrid.png */; };
		DC9381A61A48E19D000F3EA2 /* ButtonGridOverlay.png in Resources */ = {isa = PBXBuildFile; fileRef = DC9381A41A48E19D000F3EA2 /* ButtonGridOverlay.png */; };
		DC9381AA1A48EB9E000F3EA2 /* sliderIcon.png in Resources */ = {isa = PBXBuildFile; fileRef = DC9381A91A48EB9E000F3EA2 /* sliderIcon.png */; };
		DC9381AC1A48EF06000F3EA2 /* padIcon.png in Resources */ = {isa = PBXBuildFile; fileRef = DC9381AB1A48EF06000F3EA2 /* padIcon.png */; };
		DC9381AE1A48F105000F3EA2 /* knobIcon.png in Resources */ = {isa = PBXBuildFile; fileRef = DC9381AD1A48F105000F3EA2 /* knobIcon.png */; };
		DC9381B11A48F3A2000F3EA2 /* fullPad.png in Resources */ = {isa = PBXBuildFile; fileRef = DC9381AF1A48F3A2000F3EA2 /* fullPad.png */; };
		DC9381B21A48F3A2000F3EA2 /* sensorIcon.png in Resources */ = {isa = PBXBuildFile; fileRef = DC9381B01A48F3A2000F3EA2 /* sensorIcon.png */; };
		DCA9F4751A989B3E006B2EF2 /* ControlPatch.cpp in Sources */ = {isa = PBXBuildFile; fileRef = DCA9F4721A989B3E006B2EF2 /* ControlPatch.cpp */; };
		DCA9F4761A989B3E006B2EF2 /* LoadSavePanel.cpp in Sources */ = {isa = PBXBuildFile; fileRef = DCA9F4731A989B3E006B2EF2 /* LoadSavePanel.cpp */; };
		DCA9F4771A989B3E006B2EF2 /* Panel.cpp in Sources */ = {isa = PBXBuildFile; fileRef = DCA9F4741A989B3E006B2EF2 /* Panel.cpp */; };
		DCA9F47C1A989BE2006B2EF2 /* UtilitiesiOs.mm in Sources */ = {isa = PBXBuildFile; fileRef = DCA9F47B1A989BE2006B2EF2 /* UtilitiesiOs.mm */; };
		DCA9F47E1A989C9F006B2EF2 /* Colors.cpp in Sources */ = {isa = PBXBuildFile; fileRef = DCA9F47D1A989C9F006B2EF2 /* Colors.cpp */; };
		DCAEADCF1A505D7000513775 /* Info.plist in Resources */ = {isa = PBXBuildFile; fileRef = 5087E77C17EB970100C73F5D /* Info.plist */; };
		DCCA5A2D1A40DB330014FADE /* MidiOutConnectionIOSImpl.mm in Sources */ = {isa = PBXBuildFile; fileRef = DCCA5A2C1A40DB330014FADE /* MidiOutConnectionIOSImpl.mm */; };
		DCCA5A301A40DD150014FADE /* CoreMIDI.framework in Frameworks */ = {isa = PBXBuildFile; fileRef = DCCA5A2F1A40DD150014FADE /* CoreMIDI.framework */; };
		DCE4BAFA1A4220C6006C14FE /* Accelerate.framework in Frameworks */ = {isa = PBXBuildFile; fileRef = DCE4BAF91A4220C6006C14FE /* Accelerate.framework */; };
/* End PBXBuildFile section */

/* Begin PBXContainerItemProxy section */
		1AC6FAF8180E9839004C840B /* PBXContainerItemProxy */ = {
			isa = PBXContainerItemProxy;
			containerPortal = 1AC6FAE5180E9839004C840B /* cocos2d_libs.xcodeproj */;
			proxyType = 2;
			remoteGlobalIDString = 1551A33F158F2AB200E66CFE;
			remoteInfo = "cocos2dx Mac";
		};
		1AC6FAFA180E9839004C840B /* PBXContainerItemProxy */ = {
			isa = PBXContainerItemProxy;
			containerPortal = 1AC6FAE5180E9839004C840B /* cocos2d_libs.xcodeproj */;
			proxyType = 2;
			remoteGlobalIDString = A03F2FD617814595006731B9;
			remoteInfo = "cocos2dx-extensions Mac";
		};
		1AC6FAFC180E9839004C840B /* PBXContainerItemProxy */ = {
			isa = PBXContainerItemProxy;
			containerPortal = 1AC6FAE5180E9839004C840B /* cocos2d_libs.xcodeproj */;
			proxyType = 2;
			remoteGlobalIDString = A03F2CB81780BD04006731B9;
			remoteInfo = "chipmunk Mac";
		};
		1AC6FAFE180E9839004C840B /* PBXContainerItemProxy */ = {
			isa = PBXContainerItemProxy;
			containerPortal = 1AC6FAE5180E9839004C840B /* cocos2d_libs.xcodeproj */;
			proxyType = 2;
			remoteGlobalIDString = A03F2D9B1780BDF7006731B9;
			remoteInfo = "box2d Mac";
		};
		1AC6FB00180E9839004C840B /* PBXContainerItemProxy */ = {
			isa = PBXContainerItemProxy;
			containerPortal = 1AC6FAE5180E9839004C840B /* cocos2d_libs.xcodeproj */;
			proxyType = 2;
			remoteGlobalIDString = A03F2ED617814268006731B9;
			remoteInfo = "CocosDenshion Mac";
		};
		1AC6FB06180E9839004C840B /* PBXContainerItemProxy */ = {
			isa = PBXContainerItemProxy;
			containerPortal = 1AC6FAE5180E9839004C840B /* cocos2d_libs.xcodeproj */;
			proxyType = 2;
			remoteGlobalIDString = A07A4D641783777C0073F6A7;
			remoteInfo = "cocos2dx iOS";
		};
		1AC6FB08180E9839004C840B /* PBXContainerItemProxy */ = {
			isa = PBXContainerItemProxy;
			containerPortal = 1AC6FAE5180E9839004C840B /* cocos2d_libs.xcodeproj */;
			proxyType = 2;
			remoteGlobalIDString = A07A4EFC1783867C0073F6A7;
			remoteInfo = "cocos2dx-extensions iOS";
		};
		1AC6FB0A180E9839004C840B /* PBXContainerItemProxy */ = {
			isa = PBXContainerItemProxy;
			containerPortal = 1AC6FAE5180E9839004C840B /* cocos2d_libs.xcodeproj */;
			proxyType = 2;
			remoteGlobalIDString = A07A4F3B178387670073F6A7;
			remoteInfo = "chipmunk iOS";
		};
		1AC6FB0C180E9839004C840B /* PBXContainerItemProxy */ = {
			isa = PBXContainerItemProxy;
			containerPortal = 1AC6FAE5180E9839004C840B /* cocos2d_libs.xcodeproj */;
			proxyType = 2;
			remoteGlobalIDString = A07A4F9E1783876B0073F6A7;
			remoteInfo = "box2d iOS";
		};
		1AC6FB0E180E9839004C840B /* PBXContainerItemProxy */ = {
			isa = PBXContainerItemProxy;
			containerPortal = 1AC6FAE5180E9839004C840B /* cocos2d_libs.xcodeproj */;
			proxyType = 2;
			remoteGlobalIDString = A07A4FB4178387730073F6A7;
			remoteInfo = "CocosDenshion iOS";
		};
		1AC6FB15180E9959004C840B /* PBXContainerItemProxy */ = {
			isa = PBXContainerItemProxy;
			containerPortal = 1AC6FAE5180E9839004C840B /* cocos2d_libs.xcodeproj */;
			proxyType = 1;
			remoteGlobalIDString = 1551A33E158F2AB200E66CFE;
			remoteInfo = "cocos2dx Mac";
		};
		1AC6FB17180E9959004C840B /* PBXContainerItemProxy */ = {
			isa = PBXContainerItemProxy;
			containerPortal = 1AC6FAE5180E9839004C840B /* cocos2d_libs.xcodeproj */;
			proxyType = 1;
			remoteGlobalIDString = A03F2FC117814595006731B9;
			remoteInfo = "cocos2dx-extensions Mac";
		};
		1AC6FB19180E9959004C840B /* PBXContainerItemProxy */ = {
			isa = PBXContainerItemProxy;
			containerPortal = 1AC6FAE5180E9839004C840B /* cocos2d_libs.xcodeproj */;
			proxyType = 1;
			remoteGlobalIDString = A03F2B781780BD04006731B9;
			remoteInfo = "chipmunk Mac";
		};
		1AC6FB1B180E9959004C840B /* PBXContainerItemProxy */ = {
			isa = PBXContainerItemProxy;
			containerPortal = 1AC6FAE5180E9839004C840B /* cocos2d_libs.xcodeproj */;
			proxyType = 1;
			remoteGlobalIDString = A03F2E9817814268006731B9;
			remoteInfo = "CocosDenshion Mac";
		};
		1AC6FB1D180E9963004C840B /* PBXContainerItemProxy */ = {
			isa = PBXContainerItemProxy;
			containerPortal = 1AC6FAE5180E9839004C840B /* cocos2d_libs.xcodeproj */;
			proxyType = 1;
			remoteGlobalIDString = A03F2D5D1780BDF7006731B9;
			remoteInfo = "box2d Mac";
		};
		1AC6FB24180E99E1004C840B /* PBXContainerItemProxy */ = {
			isa = PBXContainerItemProxy;
			containerPortal = 1AC6FAE5180E9839004C840B /* cocos2d_libs.xcodeproj */;
			proxyType = 1;
			remoteGlobalIDString = A07A4C241783777C0073F6A7;
			remoteInfo = "cocos2dx iOS";
		};
		1AC6FB26180E99E1004C840B /* PBXContainerItemProxy */ = {
			isa = PBXContainerItemProxy;
			containerPortal = 1AC6FAE5180E9839004C840B /* cocos2d_libs.xcodeproj */;
			proxyType = 1;
			remoteGlobalIDString = A07A4E111783867C0073F6A7;
			remoteInfo = "cocos2dx-extensions iOS";
		};
		1AC6FB28180E99E1004C840B /* PBXContainerItemProxy */ = {
			isa = PBXContainerItemProxy;
			containerPortal = 1AC6FAE5180E9839004C840B /* cocos2d_libs.xcodeproj */;
			proxyType = 1;
			remoteGlobalIDString = A07A4EFD178387670073F6A7;
			remoteInfo = "chipmunk iOS";
		};
		1AC6FB2A180E99E1004C840B /* PBXContainerItemProxy */ = {
			isa = PBXContainerItemProxy;
			containerPortal = 1AC6FAE5180E9839004C840B /* cocos2d_libs.xcodeproj */;
			proxyType = 1;
			remoteGlobalIDString = A07A4F3C1783876B0073F6A7;
			remoteInfo = "box2d iOS";
		};
		1AC6FB2C180E99E1004C840B /* PBXContainerItemProxy */ = {
			isa = PBXContainerItemProxy;
			containerPortal = 1AC6FAE5180E9839004C840B /* cocos2d_libs.xcodeproj */;
			proxyType = 1;
			remoteGlobalIDString = A07A4F9F178387730073F6A7;
			remoteInfo = "CocosDenshion iOS";
		};
/* End PBXContainerItemProxy section */

/* Begin PBXFileReference section */
		1AC6FAE5180E9839004C840B /* cocos2d_libs.xcodeproj */ = {isa = PBXFileReference; lastKnownFileType = "wrapper.pb-project"; name = cocos2d_libs.xcodeproj; path = ../cocos2d/build/cocos2d_libs.xcodeproj; sourceTree = "<group>"; };
		1ACB3243164770DE00914215 /* libcurl.a */ = {isa = PBXFileReference; lastKnownFileType = archive.ar; name = libcurl.a; path = ../../cocos2dx/platform/third_party/ios/libraries/libcurl.a; sourceTree = "<group>"; };
		1AFAF8B316D35DE700DB1158 /* AppDelegate.cpp */ = {isa = PBXFileReference; explicitFileType = sourcecode.cpp.cpp; fileEncoding = 4; name = AppDelegate.cpp; path = ../Classes/AppDelegate.cpp; sourceTree = "<group>"; };
		1AFAF8B416D35DE700DB1158 /* AppDelegate.h */ = {isa = PBXFileReference; fileEncoding = 4; lastKnownFileType = sourcecode.c.h; name = AppDelegate.h; path = ../Classes/AppDelegate.h; sourceTree = "<group>"; };
		1AFAF8B916D35E4900DB1158 /* CloseNormal.png */ = {isa = PBXFileReference; lastKnownFileType = image.png; path = CloseNormal.png; sourceTree = "<group>"; };
		1AFAF8BA16D35E4900DB1158 /* CloseSelected.png */ = {isa = PBXFileReference; lastKnownFileType = image.png; path = CloseSelected.png; sourceTree = "<group>"; };
		1AFAF8BB16D35E4900DB1158 /* HelloWorld.png */ = {isa = PBXFileReference; lastKnownFileType = image.png; path = HelloWorld.png; sourceTree = "<group>"; };
		1D30AB110D05D00D00671497 /* Foundation.framework */ = {isa = PBXFileReference; lastKnownFileType = wrapper.framework; name = Foundation.framework; path = System/Library/Frameworks/Foundation.framework; sourceTree = SDKROOT; };
		1D6058910D05DD3D006BFB54 /* ScdfController iOS.app */ = {isa = PBXFileReference; explicitFileType = wrapper.application; includeInIndex = 0; path = "ScdfController iOS.app"; sourceTree = BUILT_PRODUCTS_DIR; };
		1DF5F4DF0D08C38300B7A737 /* UIKit.framework */ = {isa = PBXFileReference; lastKnownFileType = wrapper.framework; name = UIKit.framework; path = System/Library/Frameworks/UIKit.framework; sourceTree = SDKROOT; };
		288765A40DF7441C002DB57D /* CoreGraphics.framework */ = {isa = PBXFileReference; lastKnownFileType = wrapper.framework; name = CoreGraphics.framework; path = System/Library/Frameworks/CoreGraphics.framework; sourceTree = SDKROOT; };
		503AE0F617EB97AB00D1A890 /* Icon.icns */ = {isa = PBXFileReference; lastKnownFileType = image.icns; path = Icon.icns; sourceTree = "<group>"; };
		503AE0F717EB97AB00D1A890 /* Info.plist */ = {isa = PBXFileReference; fileEncoding = 4; lastKnownFileType = text.plist.xml; path = Info.plist; sourceTree = "<group>"; };
		503AE0FA17EB989F00D1A890 /* AppController.h */ = {isa = PBXFileReference; fileEncoding = 4; lastKnownFileType = sourcecode.c.h; name = AppController.h; path = ios/AppController.h; sourceTree = SOURCE_ROOT; };
		503AE0FB17EB989F00D1A890 /* AppController.mm */ = {isa = PBXFileReference; fileEncoding = 4; lastKnownFileType = sourcecode.cpp.objcpp; name = AppController.mm; path = ios/AppController.mm; sourceTree = SOURCE_ROOT; };
		503AE0FC17EB989F00D1A890 /* main.m */ = {isa = PBXFileReference; fileEncoding = 4; lastKnownFileType = sourcecode.c.objc; name = main.m; path = ios/main.m; sourceTree = SOURCE_ROOT; };
		503AE0FD17EB989F00D1A890 /* Prefix.pch */ = {isa = PBXFileReference; fileEncoding = 4; lastKnownFileType = sourcecode.c.h; name = Prefix.pch; path = ios/Prefix.pch; sourceTree = SOURCE_ROOT; };
		503AE0FE17EB989F00D1A890 /* RootViewController.h */ = {isa = PBXFileReference; fileEncoding = 4; lastKnownFileType = sourcecode.c.h; name = RootViewController.h; path = ios/RootViewController.h; sourceTree = SOURCE_ROOT; };
		503AE0FF17EB989F00D1A890 /* RootViewController.mm */ = {isa = PBXFileReference; fileEncoding = 4; lastKnownFileType = sourcecode.cpp.objcpp; name = RootViewController.mm; path = ios/RootViewController.mm; sourceTree = SOURCE_ROOT; };
		503AE10317EB98FF00D1A890 /* main.cpp */ = {isa = PBXFileReference; fileEncoding = 4; lastKnownFileType = sourcecode.cpp.cpp; name = main.cpp; path = mac/main.cpp; sourceTree = "<group>"; };
		503AE10417EB98FF00D1A890 /* Prefix.pch */ = {isa = PBXFileReference; fileEncoding = 4; lastKnownFileType = sourcecode.c.h; name = Prefix.pch; path = mac/Prefix.pch; sourceTree = "<group>"; };
		503AE11117EB99EE00D1A890 /* libcurl.dylib */ = {isa = PBXFileReference; lastKnownFileType = "compiled.mach-o.dylib"; name = libcurl.dylib; path = usr/lib/libcurl.dylib; sourceTree = SDKROOT; };
		503AE11A17EB9C5A00D1A890 /* IOKit.framework */ = {isa = PBXFileReference; lastKnownFileType = wrapper.framework; name = IOKit.framework; path = System/Library/Frameworks/IOKit.framework; sourceTree = SDKROOT; };
		5087E76F17EB910900C73F5D /* ScdfController Mac.app */ = {isa = PBXFileReference; explicitFileType = wrapper.application; includeInIndex = 0; path = "ScdfController Mac.app"; sourceTree = BUILT_PRODUCTS_DIR; };
		5087E77217EB970100C73F5D /* Default-568h@2x.png */ = {isa = PBXFileReference; lastKnownFileType = image.png; path = "Default-568h@2x.png"; sourceTree = "<group>"; };
		5087E77317EB970100C73F5D /* Default.png */ = {isa = PBXFileReference; lastKnownFileType = image.png; path = Default.png; sourceTree = "<group>"; };
		5087E77417EB970100C73F5D /* Default@2x.png */ = {isa = PBXFileReference; lastKnownFileType = image.png; path = "Default@2x.png"; sourceTree = "<group>"; };
		5087E77517EB970100C73F5D /* Icon-114.png */ = {isa = PBXFileReference; lastKnownFileType = image.png; path = "Icon-114.png"; sourceTree = "<group>"; };
		5087E77617EB970100C73F5D /* Icon-120.png */ = {isa = PBXFileReference; lastKnownFileType = image.png; path = "Icon-120.png"; sourceTree = "<group>"; };
		5087E77717EB970100C73F5D /* Icon-144.png */ = {isa = PBXFileReference; lastKnownFileType = image.png; path = "Icon-144.png"; sourceTree = "<group>"; };
		5087E77817EB970100C73F5D /* Icon-152.png */ = {isa = PBXFileReference; lastKnownFileType = image.png; path = "Icon-152.png"; sourceTree = "<group>"; };
		5087E77917EB970100C73F5D /* Icon-57.png */ = {isa = PBXFileReference; lastKnownFileType = image.png; path = "Icon-57.png"; sourceTree = "<group>"; };
		5087E77A17EB970100C73F5D /* Icon-72.png */ = {isa = PBXFileReference; lastKnownFileType = image.png; path = "Icon-72.png"; sourceTree = "<group>"; };
		5087E77B17EB970100C73F5D /* Icon-76.png */ = {isa = PBXFileReference; lastKnownFileType = image.png; path = "Icon-76.png"; sourceTree = "<group>"; };
		5087E77C17EB970100C73F5D /* Info.plist */ = {isa = PBXFileReference; fileEncoding = 4; lastKnownFileType = text.plist.xml; path = Info.plist; sourceTree = "<group>"; };
		5087E78817EB974C00C73F5D /* AppKit.framework */ = {isa = PBXFileReference; lastKnownFileType = wrapper.framework; name = AppKit.framework; path = System/Library/Frameworks/AppKit.framework; sourceTree = SDKROOT; };
		5087E78A17EB975400C73F5D /* OpenGL.framework */ = {isa = PBXFileReference; lastKnownFileType = wrapper.framework; name = OpenGL.framework; path = System/Library/Frameworks/OpenGL.framework; sourceTree = SDKROOT; };
		50EF629217ECD46A001EB2F8 /* Icon-40.png */ = {isa = PBXFileReference; lastKnownFileType = image.png; path = "Icon-40.png"; sourceTree = "<group>"; };
		50EF629317ECD46A001EB2F8 /* Icon-58.png */ = {isa = PBXFileReference; lastKnownFileType = image.png; path = "Icon-58.png"; sourceTree = "<group>"; };
		50EF629417ECD46A001EB2F8 /* Icon-80.png */ = {isa = PBXFileReference; lastKnownFileType = image.png; path = "Icon-80.png"; sourceTree = "<group>"; };
		50EF629517ECD46A001EB2F8 /* Icon-100.png */ = {isa = PBXFileReference; lastKnownFileType = image.png; path = "Icon-100.png"; sourceTree = "<group>"; };
		50EF62A017ECD613001EB2F8 /* Icon-29.png */ = {isa = PBXFileReference; lastKnownFileType = image.png; path = "Icon-29.png"; sourceTree = "<group>"; };
		50EF62A117ECD613001EB2F8 /* Icon-50.png */ = {isa = PBXFileReference; lastKnownFileType = image.png; path = "Icon-50.png"; sourceTree = "<group>"; };
		9D64E9EA1A17935500B83274 /* SCDFCScrollView.cpp */ = {isa = PBXFileReference; fileEncoding = 4; lastKnownFileType = sourcecode.cpp.cpp; name = SCDFCScrollView.cpp; path = ../Classes/SCDFCScrollView.cpp; sourceTree = "<group>"; };
		9D64E9EB1A17935500B83274 /* SCDFCScrollView.h */ = {isa = PBXFileReference; fileEncoding = 4; lastKnownFileType = sourcecode.c.h; name = SCDFCScrollView.h; path = ../Classes/SCDFCScrollView.h; sourceTree = "<group>"; };
		9D64E9ED1A17C54300B83274 /* SCDFCWorkingPanel.cpp */ = {isa = PBXFileReference; fileEncoding = 4; lastKnownFileType = sourcecode.cpp.cpp; name = SCDFCWorkingPanel.cpp; path = ../Classes/SCDFCWorkingPanel.cpp; sourceTree = "<group>"; };
		9D64E9EE1A17C54300B83274 /* SCDFCWorkingPanel.h */ = {isa = PBXFileReference; fileEncoding = 4; lastKnownFileType = sourcecode.c.h; name = SCDFCWorkingPanel.h; path = ../Classes/SCDFCWorkingPanel.h; sourceTree = "<group>"; };
		9D82C2CD1A1C04EB00FF1243 /* SCDFCItems.cpp */ = {isa = PBXFileReference; fileEncoding = 4; lastKnownFileType = sourcecode.cpp.cpp; name = SCDFCItems.cpp; path = ../Classes/SCDFCItems.cpp; sourceTree = "<group>"; };
		9D82C2CE1A1C04EB00FF1243 /* SCDFCItems.h */ = {isa = PBXFileReference; fileEncoding = 4; lastKnownFileType = sourcecode.c.h; name = SCDFCItems.h; path = ../Classes/SCDFCItems.h; sourceTree = "<group>"; };
		9D82C2D21A1C073100FF1243 /* SCDFCDefinitions.h */ = {isa = PBXFileReference; fileEncoding = 4; lastKnownFileType = sourcecode.c.h; name = SCDFCDefinitions.h; path = ../Classes/SCDFCDefinitions.h; sourceTree = "<group>"; };
		9DA502271A40D7D90091ABC6 /* test_knob.png */ = {isa = PBXFileReference; lastKnownFileType = image.png; path = test_knob.png; sourceTree = "<group>"; };
		9DC09E6F1A06922300997F04 /* MainScene.cpp */ = {isa = PBXFileReference; fileEncoding = 4; lastKnownFileType = sourcecode.cpp.cpp; name = MainScene.cpp; path = ../Classes/MainScene.cpp; sourceTree = "<group>"; };
		9DC09E701A06922300997F04 /* MainScene.h */ = {isa = PBXFileReference; fileEncoding = 4; lastKnownFileType = sourcecode.c.h; name = MainScene.h; path = ../Classes/MainScene.h; sourceTree = "<group>"; };
		BF170DB012928DE900B8313A /* OpenGLES.framework */ = {isa = PBXFileReference; lastKnownFileType = wrapper.framework; name = OpenGLES.framework; path = System/Library/Frameworks/OpenGLES.framework; sourceTree = SDKROOT; };
		BF170DB412928DE900B8313A /* libz.dylib */ = {isa = PBXFileReference; lastKnownFileType = "compiled.mach-o.dylib"; name = libz.dylib; path = usr/lib/libz.dylib; sourceTree = SDKROOT; };
		BF1C47EA1293683800B63C5D /* QuartzCore.framework */ = {isa = PBXFileReference; lastKnownFileType = wrapper.framework; name = QuartzCore.framework; path = System/Library/Frameworks/QuartzCore.framework; sourceTree = SDKROOT; };
		CCBBE27F1A7546C100C4B34C /* ThreadUtils.cpp */ = {isa = PBXFileReference; fileEncoding = 4; lastKnownFileType = sourcecode.cpp.cpp; name = ThreadUtils.cpp; path = ../../../src/ThreadUtils.cpp; sourceTree = "<group>"; };
		CCBBE2801A7546C100C4B34C /* UDPSender.cpp */ = {isa = PBXFileReference; fileEncoding = 4; lastKnownFileType = sourcecode.cpp.cpp; name = UDPSender.cpp; path = ../../../src/UDPSender.cpp; sourceTree = "<group>"; };
		CCBBE2811A7546C100C4B34C /* UDPSendersManager.cpp */ = {isa = PBXFileReference; fileEncoding = 4; lastKnownFileType = sourcecode.cpp.cpp; name = UDPSendersManager.cpp; path = ../../../src/UDPSendersManager.cpp; sourceTree = "<group>"; };
		CCBBE2851A7546D700C4B34C /* Sensor.cpp */ = {isa = PBXFileReference; fileEncoding = 4; lastKnownFileType = sourcecode.cpp.cpp; name = Sensor.cpp; path = ../../../src/Sensor.cpp; sourceTree = "<group>"; };
		CCBBE2861A7546D700C4B34C /* SensorAudioInput.cpp */ = {isa = PBXFileReference; fileEncoding = 4; lastKnownFileType = sourcecode.cpp.cpp; name = SensorAudioInput.cpp; path = ../../../src/SensorAudioInput.cpp; sourceTree = "<group>"; };
		CCBBE2871A7546D700C4B34C /* SensorsManager.cpp */ = {isa = PBXFileReference; fileEncoding = 4; lastKnownFileType = sourcecode.cpp.cpp; name = SensorsManager.cpp; path = ../../../src/SensorsManager.cpp; sourceTree = "<group>"; };
		CCBBE2881A7546D700C4B34C /* SensorStandard.cpp */ = {isa = PBXFileReference; fileEncoding = 4; lastKnownFileType = sourcecode.cpp.cpp; name = SensorStandard.cpp; path = ../../../src/SensorStandard.cpp; sourceTree = "<group>"; };
		CCBBE28D1A7546F400C4B34C /* CustomPipe.cpp */ = {isa = PBXFileReference; fileEncoding = 4; lastKnownFileType = sourcecode.cpp.cpp; name = CustomPipe.cpp; path = ../../../src/CustomPipe.cpp; sourceTree = "<group>"; };
		CCBBE28E1A7546F400C4B34C /* Harvester.cpp */ = {isa = PBXFileReference; fileEncoding = 4; lastKnownFileType = sourcecode.cpp.cpp; name = Harvester.cpp; path = ../../../src/Harvester.cpp; sourceTree = "<group>"; };
		CCBBE2901A7546F400C4B34C /* PipesManager.cpp */ = {isa = PBXFileReference; fileEncoding = 4; lastKnownFileType = sourcecode.cpp.cpp; name = PipesManager.cpp; path = ../../../src/PipesManager.cpp; sourceTree = "<group>"; };
		CCBBE2911A7546F400C4B34C /* Receiver.cpp */ = {isa = PBXFileReference; fileEncoding = 4; lastKnownFileType = sourcecode.cpp.cpp; name = Receiver.cpp; path = ../../../src/Receiver.cpp; sourceTree = "<group>"; };
		CCBBE29D1A75474200C4B34C /* SaveSettings.mm */ = {isa = PBXFileReference; fileEncoding = 4; lastKnownFileType = sourcecode.cpp.objcpp; name = SaveSettings.mm; path = ../../../src/ios/SaveSettings.mm; sourceTree = "<group>"; };
		CCBBE29F1A75474200C4B34C /* SensorAudioInputIosImpl.mm */ = {isa = PBXFileReference; fileEncoding = 4; lastKnownFileType = sourcecode.cpp.objcpp; name = SensorAudioInputIosImpl.mm; path = ../../../src/ios/SensorAudioInputIosImpl.mm; sourceTree = "<group>"; };
		CCBBE2A01A75474200C4B34C /* SensorStandardIos.mm */ = {isa = PBXFileReference; fileEncoding = 4; lastKnownFileType = sourcecode.cpp.objcpp; name = SensorStandardIos.mm; path = ../../../src/ios/SensorStandardIos.mm; sourceTree = "<group>"; };
		CCBBE2A11A75474200C4B34C /* SensorStandardIosImpl.mm */ = {isa = PBXFileReference; fileEncoding = 4; lastKnownFileType = sourcecode.cpp.objcpp; name = SensorStandardIosImpl.mm; path = ../../../src/ios/SensorStandardIosImpl.mm; sourceTree = "<group>"; };
		CCBBE2C41A754ACA00C4B34C /* MessageMappingOscPacketListener.h */ = {isa = PBXFileReference; fileEncoding = 4; lastKnownFileType = sourcecode.c.h; name = MessageMappingOscPacketListener.h; path = ../../../lib/oscpack_1_1_0/osc/MessageMappingOscPacketListener.h; sourceTree = "<group>"; };
		CCBBE2C51A754ACA00C4B34C /* OscException.h */ = {isa = PBXFileReference; fileEncoding = 4; lastKnownFileType = sourcecode.c.h; name = OscException.h; path = ../../../lib/oscpack_1_1_0/osc/OscException.h; sourceTree = "<group>"; };
		CCBBE2C61A754ACA00C4B34C /* OscHostEndianness.h */ = {isa = PBXFileReference; fileEncoding = 4; lastKnownFileType = sourcecode.c.h; name = OscHostEndianness.h; path = ../../../lib/oscpack_1_1_0/osc/OscHostEndianness.h; sourceTree = "<group>"; };
		CCBBE2C71A754ACA00C4B34C /* OscOutboundPacketStream.cpp */ = {isa = PBXFileReference; fileEncoding = 4; lastKnownFileType = sourcecode.cpp.cpp; name = OscOutboundPacketStream.cpp; path = ../../../lib/oscpack_1_1_0/osc/OscOutboundPacketStream.cpp; sourceTree = "<group>"; };
		CCBBE2C81A754ACA00C4B34C /* OscOutboundPacketStream.h */ = {isa = PBXFileReference; fileEncoding = 4; lastKnownFileType = sourcecode.c.h; name = OscOutboundPacketStream.h; path = ../../../lib/oscpack_1_1_0/osc/OscOutboundPacketStream.h; sourceTree = "<group>"; };
		CCBBE2C91A754ACA00C4B34C /* OscPacketListener.h */ = {isa = PBXFileReference; fileEncoding = 4; lastKnownFileType = sourcecode.c.h; name = OscPacketListener.h; path = ../../../lib/oscpack_1_1_0/osc/OscPacketListener.h; sourceTree = "<group>"; };
		CCBBE2CA1A754ACA00C4B34C /* OscPrintReceivedElements.cpp */ = {isa = PBXFileReference; fileEncoding = 4; lastKnownFileType = sourcecode.cpp.cpp; name = OscPrintReceivedElements.cpp; path = ../../../lib/oscpack_1_1_0/osc/OscPrintReceivedElements.cpp; sourceTree = "<group>"; };
		CCBBE2CB1A754ACA00C4B34C /* OscPrintReceivedElements.h */ = {isa = PBXFileReference; fileEncoding = 4; lastKnownFileType = sourcecode.c.h; name = OscPrintReceivedElements.h; path = ../../../lib/oscpack_1_1_0/osc/OscPrintReceivedElements.h; sourceTree = "<group>"; };
		CCBBE2CC1A754ACA00C4B34C /* OscReceivedElements.cpp */ = {isa = PBXFileReference; fileEncoding = 4; lastKnownFileType = sourcecode.cpp.cpp; name = OscReceivedElements.cpp; path = ../../../lib/oscpack_1_1_0/osc/OscReceivedElements.cpp; sourceTree = "<group>"; };
		CCBBE2CD1A754ACA00C4B34C /* OscReceivedElements.h */ = {isa = PBXFileReference; fileEncoding = 4; lastKnownFileType = sourcecode.c.h; name = OscReceivedElements.h; path = ../../../lib/oscpack_1_1_0/osc/OscReceivedElements.h; sourceTree = "<group>"; };
		CCBBE2CE1A754ACA00C4B34C /* OscTypes.cpp */ = {isa = PBXFileReference; fileEncoding = 4; lastKnownFileType = sourcecode.cpp.cpp; name = OscTypes.cpp; path = ../../../lib/oscpack_1_1_0/osc/OscTypes.cpp; sourceTree = "<group>"; };
		CCBBE2CF1A754ACA00C4B34C /* OscTypes.h */ = {isa = PBXFileReference; fileEncoding = 4; lastKnownFileType = sourcecode.c.h; name = OscTypes.h; path = ../../../lib/oscpack_1_1_0/osc/OscTypes.h; sourceTree = "<group>"; };
		CCBBE2D41A754ADE00C4B34C /* IpEndpointName.h */ = {isa = PBXFileReference; fileEncoding = 4; lastKnownFileType = sourcecode.c.h; name = IpEndpointName.h; path = ../../../lib/oscpack_1_1_0/ip/IpEndpointName.h; sourceTree = "<group>"; };
		CCBBE2D51A754ADE00C4B34C /* NetworkingUtils.h */ = {isa = PBXFileReference; fileEncoding = 4; lastKnownFileType = sourcecode.c.h; name = NetworkingUtils.h; path = ../../../lib/oscpack_1_1_0/ip/NetworkingUtils.h; sourceTree = "<group>"; };
		CCBBE2D61A754ADE00C4B34C /* PacketListener.h */ = {isa = PBXFileReference; fileEncoding = 4; lastKnownFileType = sourcecode.c.h; name = PacketListener.h; path = ../../../lib/oscpack_1_1_0/ip/PacketListener.h; sourceTree = "<group>"; };
		CCBBE2D71A754ADE00C4B34C /* TimerListener.h */ = {isa = PBXFileReference; fileEncoding = 4; lastKnownFileType = sourcecode.c.h; name = TimerListener.h; path = ../../../lib/oscpack_1_1_0/ip/TimerListener.h; sourceTree = "<group>"; };
		CCBBE2D81A754ADE00C4B34C /* UdpSocket.h */ = {isa = PBXFileReference; fileEncoding = 4; lastKnownFileType = sourcecode.c.h; name = UdpSocket.h; path = ../../../lib/oscpack_1_1_0/ip/UdpSocket.h; sourceTree = "<group>"; };
		CCBBE2D91A754ADE00C4B34C /* IpEndpointName.cpp */ = {isa = PBXFileReference; fileEncoding = 4; lastKnownFileType = sourcecode.cpp.cpp; name = IpEndpointName.cpp; path = ../../../lib/oscpack_1_1_0/ip/IpEndpointName.cpp; sourceTree = "<group>"; };
		CCBBE2DC1A754AE700C4B34C /* NetworkingUtils.cpp */ = {isa = PBXFileReference; fileEncoding = 4; lastKnownFileType = sourcecode.cpp.cpp; path = NetworkingUtils.cpp; sourceTree = "<group>"; };
		CCBBE2DD1A754AE700C4B34C /* UdpSocket.cpp */ = {isa = PBXFileReference; fileEncoding = 4; lastKnownFileType = sourcecode.cpp.cpp; path = UdpSocket.cpp; sourceTree = "<group>"; };
		CCBBE2E21A754CC800C4B34C /* CAStreamBasicDescription.h */ = {isa = PBXFileReference; fileEncoding = 4; lastKnownFileType = sourcecode.c.h; name = CAStreamBasicDescription.h; path = "../../../res/iOs Resources/PublicUtility/CAStreamBasicDescription.h"; sourceTree = "<group>"; };
		CCBBE2E31A754CC800C4B34C /* CAStreamBasicDescription.cpp */ = {isa = PBXFileReference; fileEncoding = 4; lastKnownFileType = sourcecode.cpp.cpp; name = CAStreamBasicDescription.cpp; path = "../../../res/iOs Resources/PublicUtility/CAStreamBasicDescription.cpp"; sourceTree = "<group>"; };
		CCBBE3731A7561A500C4B34C /* ScdfSensorAPI.cpp */ = {isa = PBXFileReference; fileEncoding = 4; lastKnownFileType = sourcecode.cpp.cpp; name = ScdfSensorAPI.cpp; path = ../../../src/ScdfSensorAPI.cpp; sourceTree = "<group>"; };
		D44C620B132DFF330009C878 /* OpenAL.framework */ = {isa = PBXFileReference; lastKnownFileType = wrapper.framework; name = OpenAL.framework; path = System/Library/Frameworks/OpenAL.framework; sourceTree = SDKROOT; };
		D44C620D132DFF430009C878 /* AVFoundation.framework */ = {isa = PBXFileReference; lastKnownFileType = wrapper.framework; name = AVFoundation.framework; path = System/Library/Frameworks/AVFoundation.framework; sourceTree = SDKROOT; };
		D44C620F132DFF4E0009C878 /* AudioToolbox.framework */ = {isa = PBXFileReference; lastKnownFileType = wrapper.framework; name = AudioToolbox.framework; path = System/Library/Frameworks/AudioToolbox.framework; sourceTree = SDKROOT; };
		D6B0611A1803AB670077942B /* CoreMotion.framework */ = {isa = PBXFileReference; lastKnownFileType = wrapper.framework; name = CoreMotion.framework; path = Platforms/iPhoneOS.platform/Developer/SDKs/iPhoneOS7.0.sdk/System/Library/Frameworks/CoreMotion.framework; sourceTree = DEVELOPER_DIR; };
		DC175EA31A46E230009DCA73 /* MidiOutConnectionIOS.mm */ = {isa = PBXFileReference; explicitFileType = sourcecode.cpp.objcpp; fileEncoding = 4; name = MidiOutConnectionIOS.mm; path = ../../../src/MidiOutConnectionIOS.mm; sourceTree = "<group>"; };
		DC175EA71A473B70009DCA73 /* SliderBack.png */ = {isa = PBXFileReference; lastKnownFileType = image.png; path = SliderBack.png; sourceTree = "<group>"; };
		DC175EA81A473B70009DCA73 /* SliderHandle.png */ = {isa = PBXFileReference; lastKnownFileType = image.png; path = SliderHandle.png; sourceTree = "<group>"; };
		DC175EAB1A4749F6009DCA73 /* ControlUnit.cpp */ = {isa = PBXFileReference; fileEncoding = 4; lastKnownFileType = sourcecode.cpp.cpp; name = ControlUnit.cpp; path = ../Classes/ControlUnit.cpp; sourceTree = "<group>"; };
		DC175EAC1A4749F6009DCA73 /* PropertiesPanel.cpp */ = {isa = PBXFileReference; fileEncoding = 4; lastKnownFileType = sourcecode.cpp.cpp; name = PropertiesPanel.cpp; path = ../Classes/PropertiesPanel.cpp; sourceTree = "<group>"; };
		DC175EAF1A4752AA009DCA73 /* ToggleOff.png */ = {isa = PBXFileReference; lastKnownFileType = image.png; path = ToggleOff.png; sourceTree = "<group>"; };
		DC175EB01A4752AA009DCA73 /* ToggleOn.png */ = {isa = PBXFileReference; lastKnownFileType = image.png; path = ToggleOn.png; sourceTree = "<group>"; };
		DC175EB41A475DD0009DCA73 /* ToggleItemsOff.png */ = {isa = PBXFileReference; lastKnownFileType = image.png; path = ToggleItemsOff.png; sourceTree = "<group>"; };
		DC175EB51A475DD0009DCA73 /* ToggleItemsOn.png */ = {isa = PBXFileReference; lastKnownFileType = image.png; path = ToggleItemsOn.png; sourceTree = "<group>"; };
		DC175EB81A475DD7009DCA73 /* TogglePannelOff.png */ = {isa = PBXFileReference; lastKnownFileType = image.png; path = TogglePannelOff.png; sourceTree = "<group>"; };
		DC175EB91A475DD7009DCA73 /* TogglePannelOn.png */ = {isa = PBXFileReference; lastKnownFileType = image.png; path = TogglePannelOn.png; sourceTree = "<group>"; };
		DC562A541A516BFF009C5C95 /* PlatformInfo.h */ = {isa = PBXFileReference; fileEncoding = 4; lastKnownFileType = sourcecode.c.h; name = PlatformInfo.h; path = ../../../src/include/PlatformInfo.h; sourceTree = "<group>"; };
		DC562A5D1A518D38009C5C95 /* DropDownMenu.cpp */ = {isa = PBXFileReference; fileEncoding = 4; lastKnownFileType = sourcecode.cpp.cpp; name = DropDownMenu.cpp; path = ../Classes/DropDownMenu.cpp; sourceTree = "<group>"; };
		DC562A631A5199F6009C5C95 /* ToggleBackground.png */ = {isa = PBXFileReference; lastKnownFileType = image.png; path = ToggleBackground.png; sourceTree = "<group>"; };
		DC8BDAF91A4DE22900690B01 /* ToggleEditOff.png */ = {isa = PBXFileReference; lastKnownFileType = image.png; path = ToggleEditOff.png; sourceTree = "<group>"; };
		DC8BDAFD1A4DE40F00690B01 /* ToggleEditOn.png */ = {isa = PBXFileReference; lastKnownFileType = image.png; path = ToggleEditOn.png; sourceTree = "<group>"; };
		DC9381A31A48E19D000F3EA2 /* ButtonGrid.png */ = {isa = PBXFileReference; lastKnownFileType = image.png; path = ButtonGrid.png; sourceTree = "<group>"; };
		DC9381A41A48E19D000F3EA2 /* ButtonGridOverlay.png */ = {isa = PBXFileReference; lastKnownFileType = image.png; path = ButtonGridOverlay.png; sourceTree = "<group>"; };
		DC9381A91A48EB9E000F3EA2 /* sliderIcon.png */ = {isa = PBXFileReference; lastKnownFileType = image.png; path = sliderIcon.png; sourceTree = "<group>"; };
		DC9381AB1A48EF06000F3EA2 /* padIcon.png */ = {isa = PBXFileReference; lastKnownFileType = image.png; path = padIcon.png; sourceTree = "<group>"; };
		DC9381AD1A48F105000F3EA2 /* knobIcon.png */ = {isa = PBXFileReference; lastKnownFileType = image.png; path = knobIcon.png; sourceTree = "<group>"; };
		DC9381AF1A48F3A2000F3EA2 /* fullPad.png */ = {isa = PBXFileReference; lastKnownFileType = image.png; path = fullPad.png; sourceTree = "<group>"; };
		DC9381B01A48F3A2000F3EA2 /* sensorIcon.png */ = {isa = PBXFileReference; lastKnownFileType = image.png; path = sensorIcon.png; sourceTree = "<group>"; };
		DCA9F4721A989B3E006B2EF2 /* ControlPatch.cpp */ = {isa = PBXFileReference; fileEncoding = 4; lastKnownFileType = sourcecode.cpp.cpp; name = ControlPatch.cpp; path = ../Classes/ControlPatch.cpp; sourceTree = "<group>"; };
		DCA9F4731A989B3E006B2EF2 /* LoadSavePanel.cpp */ = {isa = PBXFileReference; fileEncoding = 4; lastKnownFileType = sourcecode.cpp.cpp; name = LoadSavePanel.cpp; path = ../Classes/LoadSavePanel.cpp; sourceTree = "<group>"; };
		DCA9F4741A989B3E006B2EF2 /* Panel.cpp */ = {isa = PBXFileReference; fileEncoding = 4; lastKnownFileType = sourcecode.cpp.cpp; name = Panel.cpp; path = ../Classes/Panel.cpp; sourceTree = "<group>"; };
		DCA9F47B1A989BE2006B2EF2 /* UtilitiesiOs.mm */ = {isa = PBXFileReference; fileEncoding = 4; lastKnownFileType = sourcecode.cpp.objcpp; name = UtilitiesiOs.mm; path = ../../../src/ios/UtilitiesiOs.mm; sourceTree = "<group>"; };
		DCA9F47D1A989C9F006B2EF2 /* Colors.cpp */ = {isa = PBXFileReference; fileEncoding = 4; lastKnownFileType = sourcecode.cpp.cpp; name = Colors.cpp; path = ../Classes/Colors.cpp; sourceTree = "<group>"; };
		DCCA5A2C1A40DB330014FADE /* MidiOutConnectionIOSImpl.mm */ = {isa = PBXFileReference; fileEncoding = 4; lastKnownFileType = sourcecode.cpp.objcpp; name = MidiOutConnectionIOSImpl.mm; path = ../../../src/ios/MidiOutConnectionIOSImpl.mm; sourceTree = "<group>"; };
		DCCA5A2F1A40DD150014FADE /* CoreMIDI.framework */ = {isa = PBXFileReference; lastKnownFileType = wrapper.framework; name = CoreMIDI.framework; path = Platforms/iPhoneOS.platform/Developer/SDKs/iPhoneOS8.1.sdk/System/Library/Frameworks/CoreMIDI.framework; sourceTree = DEVELOPER_DIR; };
		DCE4BAF91A4220C6006C14FE /* Accelerate.framework */ = {isa = PBXFileReference; lastKnownFileType = wrapper.framework; name = Accelerate.framework; path = Platforms/iPhoneOS.platform/Developer/SDKs/iPhoneOS8.1.sdk/System/Library/Frameworks/Accelerate.framework; sourceTree = DEVELOPER_DIR; };
/* End PBXFileReference section */

/* Begin PBXFrameworksBuildPhase section */
		1D60588F0D05DD3D006BFB54 /* Frameworks */ = {
			isa = PBXFrameworksBuildPhase;
			buildActionMask = 2147483647;
			files = (
				DCE4BAFA1A4220C6006C14FE /* Accelerate.framework in Frameworks */,
				DCCA5A301A40DD150014FADE /* CoreMIDI.framework in Frameworks */,
				1AC6FB2E180E99EB004C840B /* libbox2d iOS.a in Frameworks */,
				1AC6FB2F180E99EB004C840B /* libchipmunk iOS.a in Frameworks */,
				1AC6FB30180E99EB004C840B /* libcocos2dx iOS.a in Frameworks */,
				1AC6FB31180E99EB004C840B /* libcocos2dx-extensions iOS.a in Frameworks */,
				1AC6FB32180E99EB004C840B /* libCocosDenshion iOS.a in Frameworks */,
				D6B0611B1803AB670077942B /* CoreMotion.framework in Frameworks */,
				1D60589F0D05DD5A006BFB54 /* Foundation.framework in Frameworks */,
				1DF5F4E00D08C38300B7A737 /* UIKit.framework in Frameworks */,
				288765A50DF7441C002DB57D /* CoreGraphics.framework in Frameworks */,
				BF171245129291EC00B8313A /* OpenGLES.framework in Frameworks */,
				BF1712471292920000B8313A /* libz.dylib in Frameworks */,
				BF1C47F01293687400B63C5D /* QuartzCore.framework in Frameworks */,
				D44C620C132DFF330009C878 /* OpenAL.framework in Frameworks */,
				D44C620E132DFF430009C878 /* AVFoundation.framework in Frameworks */,
				D44C6210132DFF4E0009C878 /* AudioToolbox.framework in Frameworks */,
			);
			runOnlyForDeploymentPostprocessing = 0;
		};
		5087E75C17EB910900C73F5D /* Frameworks */ = {
			isa = PBXFrameworksBuildPhase;
			buildActionMask = 2147483647;
			files = (
				1AC6FB1F180E996B004C840B /* libbox2d Mac.a in Frameworks */,
				1AC6FB20180E996B004C840B /* libchipmunk Mac.a in Frameworks */,
				1AC6FB21180E996B004C840B /* libcocos2dx Mac.a in Frameworks */,
				1AC6FB22180E996B004C840B /* libcocos2dx-extensions Mac.a in Frameworks */,
				1AC6FB23180E996B004C840B /* libCocosDenshion Mac.a in Frameworks */,
				503AE11217EB99EE00D1A890 /* libcurl.dylib in Frameworks */,
				5087E76717EB910900C73F5D /* libz.dylib in Frameworks */,
				503AE11B17EB9C5A00D1A890 /* IOKit.framework in Frameworks */,
				5087E78B17EB975400C73F5D /* OpenGL.framework in Frameworks */,
				5087E78917EB974C00C73F5D /* AppKit.framework in Frameworks */,
				5087E76317EB910900C73F5D /* Foundation.framework in Frameworks */,
				5087E76517EB910900C73F5D /* CoreGraphics.framework in Frameworks */,
				5087E76817EB910900C73F5D /* QuartzCore.framework in Frameworks */,
				5087E76917EB910900C73F5D /* OpenAL.framework in Frameworks */,
				5087E76A17EB910900C73F5D /* AVFoundation.framework in Frameworks */,
				5087E76B17EB910900C73F5D /* AudioToolbox.framework in Frameworks */,
			);
			runOnlyForDeploymentPostprocessing = 0;
		};
/* End PBXFrameworksBuildPhase section */

/* Begin PBXGroup section */
		080E96DDFE201D6D7F000001 /* ios */ = {
			isa = PBXGroup;
			children = (
				DCCA5A241A40DA920014FADE /* iOsClasses */,
				5087E77117EB970100C73F5D /* Icons */,
				503AE0FA17EB989F00D1A890 /* AppController.h */,
				503AE0FB17EB989F00D1A890 /* AppController.mm */,
				503AE0FC17EB989F00D1A890 /* main.m */,
				503AE0FD17EB989F00D1A890 /* Prefix.pch */,
				503AE0FE17EB989F00D1A890 /* RootViewController.h */,
				503AE0FF17EB989F00D1A890 /* RootViewController.mm */,
			);
			name = ios;
			path = Classes;
			sourceTree = "<group>";
		};
		15AA9C4015B7EC450033D6C2 /* Classes */ = {
			isa = PBXGroup;
			children = (
				DCA9F47D1A989C9F006B2EF2 /* Colors.cpp */,
				DCA9F4721A989B3E006B2EF2 /* ControlPatch.cpp */,
				DCA9F4731A989B3E006B2EF2 /* LoadSavePanel.cpp */,
				DCA9F4741A989B3E006B2EF2 /* Panel.cpp */,
				DC562A5D1A518D38009C5C95 /* DropDownMenu.cpp */,
				DC175EAB1A4749F6009DCA73 /* ControlUnit.cpp */,
				DC175EAC1A4749F6009DCA73 /* PropertiesPanel.cpp */,
				9D64E9EA1A17935500B83274 /* SCDFCScrollView.cpp */,
				9D64E9EB1A17935500B83274 /* SCDFCScrollView.h */,
				9DC09E6F1A06922300997F04 /* MainScene.cpp */,
				9DC09E701A06922300997F04 /* MainScene.h */,
				1AFAF8B316D35DE700DB1158 /* AppDelegate.cpp */,
				1AFAF8B416D35DE700DB1158 /* AppDelegate.h */,
				9D64E9ED1A17C54300B83274 /* SCDFCWorkingPanel.cpp */,
				9D64E9EE1A17C54300B83274 /* SCDFCWorkingPanel.h */,
				9D82C2CD1A1C04EB00FF1243 /* SCDFCItems.cpp */,
				9D82C2CE1A1C04EB00FF1243 /* SCDFCItems.h */,
				9D82C2D21A1C073100FF1243 /* SCDFCDefinitions.h */,
				DC562A541A516BFF009C5C95 /* PlatformInfo.h */,
				DCA9F47A1A989BBC006B2EF2 /* iOs */,
			);
			name = Classes;
			path = ../classes;
			sourceTree = "<group>";
		};
		19C28FACFE9D520D11CA2CBB /* Products */ = {
			isa = PBXGroup;
			children = (
				1D6058910D05DD3D006BFB54 /* ScdfController iOS.app */,
				5087E76F17EB910900C73F5D /* ScdfController Mac.app */,
			);
			name = Products;
			sourceTree = "<group>";
		};
		1AC6FAE6180E9839004C840B /* Products */ = {
			isa = PBXGroup;
			children = (
				1AC6FAF9180E9839004C840B /* libcocos2dx Mac.a */,
				1AC6FAFB180E9839004C840B /* libcocos2dx-extensions Mac.a */,
				1AC6FAFD180E9839004C840B /* libchipmunk Mac.a */,
				1AC6FAFF180E9839004C840B /* libbox2d Mac.a */,
				1AC6FB01180E9839004C840B /* libCocosDenshion Mac.a */,
				1AC6FB07180E9839004C840B /* libcocos2dx iOS.a */,
				1AC6FB09180E9839004C840B /* libcocos2dx-extensions iOS.a */,
				1AC6FB0B180E9839004C840B /* libchipmunk iOS.a */,
				1AC6FB0D180E9839004C840B /* libbox2d iOS.a */,
				1AC6FB0F180E9839004C840B /* libCocosDenshion iOS.a */,
			);
			name = Products;
			sourceTree = "<group>";
		};
		29B97314FDCFA39411CA2CEA /* CustomTemplate */ = {
			isa = PBXGroup;
			children = (
				CCBBE27B1A75467F00C4B34C /* SCDF Framework */,
				DCCA5A2E1A40DB430014FADE /* MIDI */,
				1AC6FAE5180E9839004C840B /* cocos2d_libs.xcodeproj */,
				15AA9C4015B7EC450033D6C2 /* Classes */,
				29B97323FDCFA39411CA2CEA /* Frameworks */,
				080E96DDFE201D6D7F000001 /* ios */,
				503AE10617EB990700D1A890 /* mac */,
				19C28FACFE9D520D11CA2CBB /* Products */,
				78C7DDAA14EBA5050085D0C2 /* Resources */,
			);
			name = CustomTemplate;
			sourceTree = "<group>";
		};
		29B97323FDCFA39411CA2CEA /* Frameworks */ = {
			isa = PBXGroup;
			children = (
				DCE4BAF91A4220C6006C14FE /* Accelerate.framework */,
				DCCA5A2F1A40DD150014FADE /* CoreMIDI.framework */,
				D6B0611A1803AB670077942B /* CoreMotion.framework */,
				503AE11A17EB9C5A00D1A890 /* IOKit.framework */,
				503AE11117EB99EE00D1A890 /* libcurl.dylib */,
				5087E78A17EB975400C73F5D /* OpenGL.framework */,
				5087E78817EB974C00C73F5D /* AppKit.framework */,
				1ACB3243164770DE00914215 /* libcurl.a */,
				BF170DB412928DE900B8313A /* libz.dylib */,
				D44C620F132DFF4E0009C878 /* AudioToolbox.framework */,
				D44C620D132DFF430009C878 /* AVFoundation.framework */,
				288765A40DF7441C002DB57D /* CoreGraphics.framework */,
				1D30AB110D05D00D00671497 /* Foundation.framework */,
				D44C620B132DFF330009C878 /* OpenAL.framework */,
				BF170DB012928DE900B8313A /* OpenGLES.framework */,
				BF1C47EA1293683800B63C5D /* QuartzCore.framework */,
				1DF5F4DF0D08C38300B7A737 /* UIKit.framework */,
			);
			name = Frameworks;
			sourceTree = "<group>";
		};
		503AE0F517EB97AB00D1A890 /* Icons */ = {
			isa = PBXGroup;
			children = (
				503AE0F617EB97AB00D1A890 /* Icon.icns */,
				503AE0F717EB97AB00D1A890 /* Info.plist */,
			);
			name = Icons;
			path = mac;
			sourceTree = SOURCE_ROOT;
		};
		503AE10617EB990700D1A890 /* mac */ = {
			isa = PBXGroup;
			children = (
				503AE0F517EB97AB00D1A890 /* Icons */,
				503AE10317EB98FF00D1A890 /* main.cpp */,
				503AE10417EB98FF00D1A890 /* Prefix.pch */,
			);
			name = mac;
			sourceTree = "<group>";
		};
		5087E77117EB970100C73F5D /* Icons */ = {
			isa = PBXGroup;
			children = (
				5087E77217EB970100C73F5D /* Default-568h@2x.png */,
				5087E77317EB970100C73F5D /* Default.png */,
				5087E77417EB970100C73F5D /* Default@2x.png */,
				50EF62A017ECD613001EB2F8 /* Icon-29.png */,
				50EF62A117ECD613001EB2F8 /* Icon-50.png */,
				50EF629217ECD46A001EB2F8 /* Icon-40.png */,
				50EF629317ECD46A001EB2F8 /* Icon-58.png */,
				50EF629417ECD46A001EB2F8 /* Icon-80.png */,
				50EF629517ECD46A001EB2F8 /* Icon-100.png */,
				5087E77517EB970100C73F5D /* Icon-114.png */,
				5087E77617EB970100C73F5D /* Icon-120.png */,
				5087E77717EB970100C73F5D /* Icon-144.png */,
				5087E77817EB970100C73F5D /* Icon-152.png */,
				5087E77917EB970100C73F5D /* Icon-57.png */,
				5087E77A17EB970100C73F5D /* Icon-72.png */,
				5087E77B17EB970100C73F5D /* Icon-76.png */,
				5087E77C17EB970100C73F5D /* Info.plist */,
			);
			name = Icons;
			path = ios;
			sourceTree = SOURCE_ROOT;
		};
		78C7DDAA14EBA5050085D0C2 /* Resources */ = {
			isa = PBXGroup;
			children = (
				DC562A631A5199F6009C5C95 /* ToggleBackground.png */,
				DC8BDAFD1A4DE40F00690B01 /* ToggleEditOn.png */,
				DC8BDAF91A4DE22900690B01 /* ToggleEditOff.png */,
				DC9381AD1A48F105000F3EA2 /* knobIcon.png */,
				DC9381AF1A48F3A2000F3EA2 /* fullPad.png */,
				DC9381B01A48F3A2000F3EA2 /* sensorIcon.png */,
				DC9381AB1A48EF06000F3EA2 /* padIcon.png */,
				DC9381A31A48E19D000F3EA2 /* ButtonGrid.png */,
				DC9381A41A48E19D000F3EA2 /* ButtonGridOverlay.png */,
				DC175EAF1A4752AA009DCA73 /* ToggleOff.png */,
				DC175EB81A475DD7009DCA73 /* TogglePannelOff.png */,
				DC175EB91A475DD7009DCA73 /* TogglePannelOn.png */,
				DC175EB01A4752AA009DCA73 /* ToggleOn.png */,
				DC175EB41A475DD0009DCA73 /* ToggleItemsOff.png */,
				DC175EB51A475DD0009DCA73 /* ToggleItemsOn.png */,
				DC175EA71A473B70009DCA73 /* SliderBack.png */,
				DC175EA81A473B70009DCA73 /* SliderHandle.png */,
				9DA502271A40D7D90091ABC6 /* test_knob.png */,
				1AFAF8B916D35E4900DB1158 /* CloseNormal.png */,
				1AFAF8BA16D35E4900DB1158 /* CloseSelected.png */,
				1AFAF8BB16D35E4900DB1158 /* HelloWorld.png */,
				DC9381A91A48EB9E000F3EA2 /* sliderIcon.png */,
			);
			name = Resources;
			path = ../Resources;
			sourceTree = "<group>";
		};
		CCBBE27B1A75467F00C4B34C /* SCDF Framework */ = {
			isa = PBXGroup;
			children = (
				CCBBE2E01A754CB000C4B34C /* Utility */,
				CCBBE2C21A754AB000C4B34C /* Ext_UDP_OSC */,
				CCBBE2971A75470200C4B34C /* ios */,
				CCBBE27E1A75469500C4B34C /* src */,
			);
			name = "SCDF Framework";
			sourceTree = "<group>";
		};
		CCBBE27E1A75469500C4B34C /* src */ = {
			isa = PBXGroup;
			children = (
				CCBBE3731A7561A500C4B34C /* ScdfSensorAPI.cpp */,
				CCBBE28D1A7546F400C4B34C /* CustomPipe.cpp */,
				CCBBE28E1A7546F400C4B34C /* Harvester.cpp */,
				CCBBE2901A7546F400C4B34C /* PipesManager.cpp */,
				CCBBE2911A7546F400C4B34C /* Receiver.cpp */,
				CCBBE2851A7546D700C4B34C /* Sensor.cpp */,
				CCBBE2861A7546D700C4B34C /* SensorAudioInput.cpp */,
				CCBBE2871A7546D700C4B34C /* SensorsManager.cpp */,
				CCBBE2881A7546D700C4B34C /* SensorStandard.cpp */,
				CCBBE27F1A7546C100C4B34C /* ThreadUtils.cpp */,
				CCBBE2801A7546C100C4B34C /* UDPSender.cpp */,
				CCBBE2811A7546C100C4B34C /* UDPSendersManager.cpp */,
			);
			name = src;
			sourceTree = "<group>";
		};
		CCBBE2971A75470200C4B34C /* ios */ = {
			isa = PBXGroup;
			children = (
				CCBBE29D1A75474200C4B34C /* SaveSettings.mm */,
				CCBBE29F1A75474200C4B34C /* SensorAudioInputIosImpl.mm */,
				CCBBE2A01A75474200C4B34C /* SensorStandardIos.mm */,
				CCBBE2A11A75474200C4B34C /* SensorStandardIosImpl.mm */,
			);
			name = ios;
			sourceTree = "<group>";
		};
		CCBBE2C21A754AB000C4B34C /* Ext_UDP_OSC */ = {
			isa = PBXGroup;
			children = (
				CCBBE2DB1A754AE700C4B34C /* posix */,
				CCBBE2D41A754ADE00C4B34C /* IpEndpointName.h */,
				CCBBE2D51A754ADE00C4B34C /* NetworkingUtils.h */,
				CCBBE2D61A754ADE00C4B34C /* PacketListener.h */,
				CCBBE2D71A754ADE00C4B34C /* TimerListener.h */,
				CCBBE2D81A754ADE00C4B34C /* UdpSocket.h */,
				CCBBE2D91A754ADE00C4B34C /* IpEndpointName.cpp */,
				CCBBE2C31A754ABD00C4B34C /* osc */,
			);
			name = Ext_UDP_OSC;
			sourceTree = "<group>";
		};
		CCBBE2C31A754ABD00C4B34C /* osc */ = {
			isa = PBXGroup;
			children = (
				CCBBE2C41A754ACA00C4B34C /* MessageMappingOscPacketListener.h */,
				CCBBE2C51A754ACA00C4B34C /* OscException.h */,
				CCBBE2C61A754ACA00C4B34C /* OscHostEndianness.h */,
				CCBBE2C71A754ACA00C4B34C /* OscOutboundPacketStream.cpp */,
				CCBBE2C81A754ACA00C4B34C /* OscOutboundPacketStream.h */,
				CCBBE2C91A754ACA00C4B34C /* OscPacketListener.h */,
				CCBBE2CA1A754ACA00C4B34C /* OscPrintReceivedElements.cpp */,
				CCBBE2CB1A754ACA00C4B34C /* OscPrintReceivedElements.h */,
				CCBBE2CC1A754ACA00C4B34C /* OscReceivedElements.cpp */,
				CCBBE2CD1A754ACA00C4B34C /* OscReceivedElements.h */,
				CCBBE2CE1A754ACA00C4B34C /* OscTypes.cpp */,
				CCBBE2CF1A754ACA00C4B34C /* OscTypes.h */,
			);
			name = osc;
			sourceTree = "<group>";
		};
		CCBBE2DB1A754AE700C4B34C /* posix */ = {
			isa = PBXGroup;
			children = (
				CCBBE2DC1A754AE700C4B34C /* NetworkingUtils.cpp */,
				CCBBE2DD1A754AE700C4B34C /* UdpSocket.cpp */,
			);
			name = posix;
			path = ../../../lib/oscpack_1_1_0/ip/posix;
			sourceTree = "<group>";
		};
		CCBBE2E01A754CB000C4B34C /* Utility */ = {
			isa = PBXGroup;
			children = (
				CCBBE2E11A754CB500C4B34C /* PublicUtility */,
			);
			name = Utility;
			sourceTree = "<group>";
		};
		CCBBE2E11A754CB500C4B34C /* PublicUtility */ = {
			isa = PBXGroup;
			children = (
				CCBBE2E21A754CC800C4B34C /* CAStreamBasicDescription.h */,
				CCBBE2E31A754CC800C4B34C /* CAStreamBasicDescription.cpp */,
			);
			name = PublicUtility;
			sourceTree = "<group>";
		};
		DCA9F47A1A989BBC006B2EF2 /* iOs */ = {
			isa = PBXGroup;
			children = (
				DCA9F47B1A989BE2006B2EF2 /* UtilitiesiOs.mm */,
			);
			name = iOs;
			sourceTree = "<group>";
		};
		DCCA5A241A40DA920014FADE /* iOsClasses */ = {
			isa = PBXGroup;
			children = (
			);
			name = iOsClasses;
			sourceTree = "<group>";
		};
		DCCA5A2E1A40DB430014FADE /* MIDI */ = {
			isa = PBXGroup;
			children = (
				DCCA5A2C1A40DB330014FADE /* MidiOutConnectionIOSImpl.mm */,
				DC175EA31A46E230009DCA73 /* MidiOutConnectionIOS.mm */,
			);
			name = MIDI;
			sourceTree = "<group>";
		};
/* End PBXGroup section */

/* Begin PBXNativeTarget section */
		1D6058900D05DD3D006BFB54 /* ScdfController iOS */ = {
			isa = PBXNativeTarget;
			buildConfigurationList = 1D6058960D05DD3E006BFB54 /* Build configuration list for PBXNativeTarget "ScdfController iOS" */;
			buildPhases = (
				1D60588D0D05DD3D006BFB54 /* Resources */,
				1D60588E0D05DD3D006BFB54 /* Sources */,
				1D60588F0D05DD3D006BFB54 /* Frameworks */,
			);
			buildRules = (
			);
			dependencies = (
				1AC6FB25180E99E1004C840B /* PBXTargetDependency */,
				1AC6FB27180E99E1004C840B /* PBXTargetDependency */,
				1AC6FB29180E99E1004C840B /* PBXTargetDependency */,
				1AC6FB2B180E99E1004C840B /* PBXTargetDependency */,
				1AC6FB2D180E99E1004C840B /* PBXTargetDependency */,
			);
			name = "ScdfController iOS";
			productName = iphone;
			productReference = 1D6058910D05DD3D006BFB54 /* ScdfController iOS.app */;
			productType = "com.apple.product-type.application";
		};
		5087E73D17EB910900C73F5D /* ScdfController Mac */ = {
			isa = PBXNativeTarget;
			buildConfigurationList = 5087E76C17EB910900C73F5D /* Build configuration list for PBXNativeTarget "ScdfController Mac" */;
			buildPhases = (
				5087E74817EB910900C73F5D /* Resources */,
				5087E75617EB910900C73F5D /* Sources */,
				5087E75C17EB910900C73F5D /* Frameworks */,
			);
			buildRules = (
			);
			dependencies = (
				1AC6FB1E180E9963004C840B /* PBXTargetDependency */,
				1AC6FB16180E9959004C840B /* PBXTargetDependency */,
				1AC6FB18180E9959004C840B /* PBXTargetDependency */,
				1AC6FB1A180E9959004C840B /* PBXTargetDependency */,
				1AC6FB1C180E9959004C840B /* PBXTargetDependency */,
			);
			name = "ScdfController Mac";
			productName = iphone;
			productReference = 5087E76F17EB910900C73F5D /* ScdfController Mac.app */;
			productType = "com.apple.product-type.application";
		};
/* End PBXNativeTarget section */

/* Begin PBXProject section */
		29B97313FDCFA39411CA2CEA /* Project object */ = {
			isa = PBXProject;
			attributes = {
				LastUpgradeCheck = 0500;
				TargetAttributes = {
					1D6058900D05DD3D006BFB54 = {
						DevelopmentTeam = S5C22B8JC9;
					};
				};
			};
			buildConfigurationList = C01FCF4E08A954540054247B /* Build configuration list for PBXProject "ScdfController" */;
			compatibilityVersion = "Xcode 3.2";
			developmentRegion = English;
			hasScannedForEncodings = 1;
			knownRegions = (
				English,
				Japanese,
				French,
				German,
			);
			mainGroup = 29B97314FDCFA39411CA2CEA /* CustomTemplate */;
			projectDirPath = "";
			projectReferences = (
				{
					ProductGroup = 1AC6FAE6180E9839004C840B /* Products */;
					ProjectRef = 1AC6FAE5180E9839004C840B /* cocos2d_libs.xcodeproj */;
				},
			);
			projectRoot = "";
			targets = (
				1D6058900D05DD3D006BFB54 /* ScdfController iOS */,
				5087E73D17EB910900C73F5D /* ScdfController Mac */,
			);
		};
/* End PBXProject section */

/* Begin PBXReferenceProxy section */
		1AC6FAF9180E9839004C840B /* libcocos2dx Mac.a */ = {
			isa = PBXReferenceProxy;
			fileType = archive.ar;
			path = "libcocos2dx Mac.a";
			remoteRef = 1AC6FAF8180E9839004C840B /* PBXContainerItemProxy */;
			sourceTree = BUILT_PRODUCTS_DIR;
		};
		1AC6FAFB180E9839004C840B /* libcocos2dx-extensions Mac.a */ = {
			isa = PBXReferenceProxy;
			fileType = archive.ar;
			path = "libcocos2dx-extensions Mac.a";
			remoteRef = 1AC6FAFA180E9839004C840B /* PBXContainerItemProxy */;
			sourceTree = BUILT_PRODUCTS_DIR;
		};
		1AC6FAFD180E9839004C840B /* libchipmunk Mac.a */ = {
			isa = PBXReferenceProxy;
			fileType = archive.ar;
			path = "libchipmunk Mac.a";
			remoteRef = 1AC6FAFC180E9839004C840B /* PBXContainerItemProxy */;
			sourceTree = BUILT_PRODUCTS_DIR;
		};
		1AC6FAFF180E9839004C840B /* libbox2d Mac.a */ = {
			isa = PBXReferenceProxy;
			fileType = archive.ar;
			path = "libbox2d Mac.a";
			remoteRef = 1AC6FAFE180E9839004C840B /* PBXContainerItemProxy */;
			sourceTree = BUILT_PRODUCTS_DIR;
		};
		1AC6FB01180E9839004C840B /* libCocosDenshion Mac.a */ = {
			isa = PBXReferenceProxy;
			fileType = archive.ar;
			path = "libCocosDenshion Mac.a";
			remoteRef = 1AC6FB00180E9839004C840B /* PBXContainerItemProxy */;
			sourceTree = BUILT_PRODUCTS_DIR;
		};
		1AC6FB07180E9839004C840B /* libcocos2dx iOS.a */ = {
			isa = PBXReferenceProxy;
			fileType = archive.ar;
			path = "libcocos2dx iOS.a";
			remoteRef = 1AC6FB06180E9839004C840B /* PBXContainerItemProxy */;
			sourceTree = BUILT_PRODUCTS_DIR;
		};
		1AC6FB09180E9839004C840B /* libcocos2dx-extensions iOS.a */ = {
			isa = PBXReferenceProxy;
			fileType = archive.ar;
			path = "libcocos2dx-extensions iOS.a";
			remoteRef = 1AC6FB08180E9839004C840B /* PBXContainerItemProxy */;
			sourceTree = BUILT_PRODUCTS_DIR;
		};
		1AC6FB0B180E9839004C840B /* libchipmunk iOS.a */ = {
			isa = PBXReferenceProxy;
			fileType = archive.ar;
			path = "libchipmunk iOS.a";
			remoteRef = 1AC6FB0A180E9839004C840B /* PBXContainerItemProxy */;
			sourceTree = BUILT_PRODUCTS_DIR;
		};
		1AC6FB0D180E9839004C840B /* libbox2d iOS.a */ = {
			isa = PBXReferenceProxy;
			fileType = archive.ar;
			path = "libbox2d iOS.a";
			remoteRef = 1AC6FB0C180E9839004C840B /* PBXContainerItemProxy */;
			sourceTree = BUILT_PRODUCTS_DIR;
		};
		1AC6FB0F180E9839004C840B /* libCocosDenshion iOS.a */ = {
			isa = PBXReferenceProxy;
			fileType = archive.ar;
			path = "libCocosDenshion iOS.a";
			remoteRef = 1AC6FB0E180E9839004C840B /* PBXContainerItemProxy */;
			sourceTree = BUILT_PRODUCTS_DIR;
		};
/* End PBXReferenceProxy section */

/* Begin PBXResourcesBuildPhase section */
		1D60588D0D05DD3D006BFB54 /* Resources */ = {
			isa = PBXResourcesBuildPhase;
			buildActionMask = 2147483647;
			files = (
				5087E78117EB970100C73F5D /* Icon-120.png in Resources */,
				5087E78617EB970100C73F5D /* Icon-76.png in Resources */,
				5087E77F17EB970100C73F5D /* Default@2x.png in Resources */,
				DC8BDAFE1A4DE40F00690B01 /* ToggleEditOn.png in Resources */,
				50EF629917ECD46A001EB2F8 /* Icon-100.png in Resources */,
				DC9381A61A48E19D000F3EA2 /* ButtonGridOverlay.png in Resources */,
				DC9381AA1A48EB9E000F3EA2 /* sliderIcon.png in Resources */,
				DC175EB61A475DD0009DCA73 /* ToggleItemsOff.png in Resources */,
				1AFAF8BC16D35E4900DB1158 /* CloseNormal.png in Resources */,
				5087E78317EB970100C73F5D /* Icon-152.png in Resources */,
				5087E77D17EB970100C73F5D /* Default-568h@2x.png in Resources */,
				DC175EA91A473B70009DCA73 /* SliderBack.png in Resources */,
				DC9381B21A48F3A2000F3EA2 /* sensorIcon.png in Resources */,
				5087E78517EB970100C73F5D /* Icon-72.png in Resources */,
				DC175EBB1A475DD7009DCA73 /* TogglePannelOn.png in Resources */,
				1AFAF8BD16D35E4900DB1158 /* CloseSelected.png in Resources */,
				DC8BDAFA1A4DE22900690B01 /* ToggleEditOff.png in Resources */,
				DC175EB71A475DD0009DCA73 /* ToggleItemsOn.png in Resources */,
				DC175EBA1A475DD7009DCA73 /* TogglePannelOff.png in Resources */,
				50EF62A317ECD613001EB2F8 /* Icon-50.png in Resources */,
				5087E78017EB970100C73F5D /* Icon-114.png in Resources */,
				1AFAF8BE16D35E4900DB1158 /* HelloWorld.png in Resources */,
				50EF62A217ECD613001EB2F8 /* Icon-29.png in Resources */,
				9DA502281A40D7D90091ABC6 /* test_knob.png in Resources */,
				50EF629617ECD46A001EB2F8 /* Icon-40.png in Resources */,
				DC562A641A5199F6009C5C95 /* ToggleBackground.png in Resources */,
				5087E78217EB970100C73F5D /* Icon-144.png in Resources */,
				50EF629817ECD46A001EB2F8 /* Icon-80.png in Resources */,
				DC9381B11A48F3A2000F3EA2 /* fullPad.png in Resources */,
				DCAEADCF1A505D7000513775 /* Info.plist in Resources */,
				DC9381AE1A48F105000F3EA2 /* knobIcon.png in Resources */,
				DC175EAA1A473B70009DCA73 /* SliderHandle.png in Resources */,
				DC175EB11A4752AA009DCA73 /* ToggleOff.png in Resources */,
				5087E78417EB970100C73F5D /* Icon-57.png in Resources */,
				5087E77E17EB970100C73F5D /* Default.png in Resources */,
				DC9381AC1A48EF06000F3EA2 /* padIcon.png in Resources */,
				DC175EB21A4752AA009DCA73 /* ToggleOn.png in Resources */,
				50EF629717ECD46A001EB2F8 /* Icon-58.png in Resources */,
				DC9381A51A48E19D000F3EA2 /* ButtonGrid.png in Resources */,
			);
			runOnlyForDeploymentPostprocessing = 0;
		};
		5087E74817EB910900C73F5D /* Resources */ = {
			isa = PBXResourcesBuildPhase;
			buildActionMask = 2147483647;
			files = (
				5087E75317EB910900C73F5D /* CloseNormal.png in Resources */,
				503AE0F817EB97AB00D1A890 /* Icon.icns in Resources */,
				5087E75417EB910900C73F5D /* CloseSelected.png in Resources */,
				5087E75517EB910900C73F5D /* HelloWorld.png in Resources */,
			);
			runOnlyForDeploymentPostprocessing = 0;
		};
/* End PBXResourcesBuildPhase section */

/* Begin PBXSourcesBuildPhase section */
		1D60588E0D05DD3D006BFB54 /* Sources */ = {
			isa = PBXSourcesBuildPhase;
			buildActionMask = 2147483647;
			files = (
				DCA9F47C1A989BE2006B2EF2 /* UtilitiesiOs.mm in Sources */,
				DCA9F4771A989B3E006B2EF2 /* Panel.cpp in Sources */,
				CCBBE2C01A7547A700C4B34C /* SensorStandardIos.mm in Sources */,
				503AE10017EB989F00D1A890 /* AppController.mm in Sources */,
				DC175EB31A475457009DCA73 /* ControlUnit.cpp in Sources */,
				CCBBE2AF1A7547A400C4B34C /* PipesManager.cpp in Sources */,
				9DC09E711A06922300997F04 /* MainScene.cpp in Sources */,
				CCBBE2D11A754ACA00C4B34C /* OscPrintReceivedElements.cpp in Sources */,
				DCA9F4751A989B3E006B2EF2 /* ControlPatch.cpp in Sources */,
				503AE10217EB989F00D1A890 /* RootViewController.mm in Sources */,
				CCBBE2B11A7547A400C4B34C /* Sensor.cpp in Sources */,
				CCBBE2B01A7547A400C4B34C /* Receiver.cpp in Sources */,
				CCBBE2B61A7547A400C4B34C /* UDPSender.cpp in Sources */,
				CCBBE2B71A7547A400C4B34C /* UDPSendersManager.cpp in Sources */,
				1AFAF8B716D35DE700DB1158 /* AppDelegate.cpp in Sources */,
				CCBBE2B21A7547A400C4B34C /* SensorAudioInput.cpp in Sources */,
				9D82C2CF1A1C04EB00FF1243 /* SCDFCItems.cpp in Sources */,
				CCBBE2BF1A7547A700C4B34C /* SensorAudioInputIosImpl.mm in Sources */,
				DCA9F4761A989B3E006B2EF2 /* LoadSavePanel.cpp in Sources */,
				DCA9F47E1A989C9F006B2EF2 /* Colors.cpp in Sources */,
				CCBBE2AD1A7547A400C4B34C /* Harvester.cpp in Sources */,
				CCBBE2AC1A7547A400C4B34C /* CustomPipe.cpp in Sources */,
				CCBBE2BD1A7547A700C4B34C /* SaveSettings.mm in Sources */,
				CCBBE2D21A754ACA00C4B34C /* OscReceivedElements.cpp in Sources */,
				DC175EA41A46E230009DCA73 /* MidiOutConnectionIOS.mm in Sources */,
				503AE10117EB989F00D1A890 /* main.m in Sources */,
				CCBBE2B31A7547A400C4B34C /* SensorsManager.cpp in Sources */,
				DCCA5A2D1A40DB330014FADE /* MidiOutConnectionIOSImpl.mm in Sources */,
				CCBBE2D31A754ACA00C4B34C /* OscTypes.cpp in Sources */,
				CCBBE2C11A7547A700C4B34C /* SensorStandardIosImpl.mm in Sources */,
				DC562A5E1A518D38009C5C95 /* DropDownMenu.cpp in Sources */,
				CCBBE2B41A7547A400C4B34C /* SensorStandard.cpp in Sources */,
				CCBBE2DE1A754AE700C4B34C /* NetworkingUtils.cpp in Sources */,
				9D64E9EF1A17C54300B83274 /* SCDFCWorkingPanel.cpp in Sources */,
				CCBBE3751A7561A500C4B34C /* ScdfSensorAPI.cpp in Sources */,
				CCBBE2E41A754CC800C4B34C /* CAStreamBasicDescription.cpp in Sources */,
				CCBBE2DF1A754AE700C4B34C /* UdpSocket.cpp in Sources */,
				DC175EAE1A4749F6009DCA73 /* PropertiesPanel.cpp in Sources */,
				CCBBE2B51A7547A400C4B34C /* ThreadUtils.cpp in Sources */,
				CCBBE2D01A754ACA00C4B34C /* OscOutboundPacketStream.cpp in Sources */,
				9D64E9EC1A17935500B83274 /* SCDFCScrollView.cpp in Sources */,
				CCBBE2DA1A754ADE00C4B34C /* IpEndpointName.cpp in Sources */,
			);
			runOnlyForDeploymentPostprocessing = 0;
		};
		5087E75617EB910900C73F5D /* Sources */ = {
			isa = PBXSourcesBuildPhase;
			buildActionMask = 2147483647;
			files = (
				5087E75717EB910900C73F5D /* AppDelegate.cpp in Sources */,
				503AE10517EB98FF00D1A890 /* main.cpp in Sources */,
			);
			runOnlyForDeploymentPostprocessing = 0;
		};
/* End PBXSourcesBuildPhase section */

/* Begin PBXTargetDependency section */
		1AC6FB16180E9959004C840B /* PBXTargetDependency */ = {
			isa = PBXTargetDependency;
			name = "cocos2dx Mac";
			targetProxy = 1AC6FB15180E9959004C840B /* PBXContainerItemProxy */;
		};
		1AC6FB18180E9959004C840B /* PBXTargetDependency */ = {
			isa = PBXTargetDependency;
			name = "cocos2dx-extensions Mac";
			targetProxy = 1AC6FB17180E9959004C840B /* PBXContainerItemProxy */;
		};
		1AC6FB1A180E9959004C840B /* PBXTargetDependency */ = {
			isa = PBXTargetDependency;
			name = "chipmunk Mac";
			targetProxy = 1AC6FB19180E9959004C840B /* PBXContainerItemProxy */;
		};
		1AC6FB1C180E9959004C840B /* PBXTargetDependency */ = {
			isa = PBXTargetDependency;
			name = "CocosDenshion Mac";
			targetProxy = 1AC6FB1B180E9959004C840B /* PBXContainerItemProxy */;
		};
		1AC6FB1E180E9963004C840B /* PBXTargetDependency */ = {
			isa = PBXTargetDependency;
			name = "box2d Mac";
			targetProxy = 1AC6FB1D180E9963004C840B /* PBXContainerItemProxy */;
		};
		1AC6FB25180E99E1004C840B /* PBXTargetDependency */ = {
			isa = PBXTargetDependency;
			name = "cocos2dx iOS";
			targetProxy = 1AC6FB24180E99E1004C840B /* PBXContainerItemProxy */;
		};
		1AC6FB27180E99E1004C840B /* PBXTargetDependency */ = {
			isa = PBXTargetDependency;
			name = "cocos2dx-extensions iOS";
			targetProxy = 1AC6FB26180E99E1004C840B /* PBXContainerItemProxy */;
		};
		1AC6FB29180E99E1004C840B /* PBXTargetDependency */ = {
			isa = PBXTargetDependency;
			name = "chipmunk iOS";
			targetProxy = 1AC6FB28180E99E1004C840B /* PBXContainerItemProxy */;
		};
		1AC6FB2B180E99E1004C840B /* PBXTargetDependency */ = {
			isa = PBXTargetDependency;
			name = "box2d iOS";
			targetProxy = 1AC6FB2A180E99E1004C840B /* PBXContainerItemProxy */;
		};
		1AC6FB2D180E99E1004C840B /* PBXTargetDependency */ = {
			isa = PBXTargetDependency;
			name = "CocosDenshion iOS";
			targetProxy = 1AC6FB2C180E99E1004C840B /* PBXContainerItemProxy */;
		};
/* End PBXTargetDependency section */

/* Begin XCBuildConfiguration section */
		1D6058940D05DD3E006BFB54 /* Debug */ = {
			isa = XCBuildConfiguration;
			buildSettings = {
				ALWAYS_SEARCH_USER_PATHS = YES;
				ASSETCATALOG_COMPILER_APPICON_NAME = AppIcon;
				ASSETCATALOG_COMPILER_LAUNCHIMAGE_NAME = LaunchImage;
				CLANG_CXX_LANGUAGE_STANDARD = "gnu++0x";
				CODE_SIGN_IDENTITY = "iPhone Developer";
				"CODE_SIGN_IDENTITY[sdk=iphoneos*]" = "iPhone Developer";
				COMPRESS_PNG_FILES = NO;
				GCC_C_LANGUAGE_STANDARD = gnu99;
				GCC_DYNAMIC_NO_PIC = NO;
				GCC_INLINES_ARE_PRIVATE_EXTERN = NO;
				GCC_INPUT_FILETYPE = sourcecode.cpp.objcpp;
				GCC_PRECOMPILE_PREFIX_HEADER = YES;
				GCC_PREFIX_HEADER = ios/Prefix.pch;
				GCC_PREPROCESSOR_DEFINITIONS = (
					USE_FILE32API,
					CC_TARGET_OS_IPHONE,
					"COCOS2D_DEBUG=1",
					"CC_ENABLE_CHIPMUNK_INTEGRATION=1",
					PLATF_IOS,
					_DEBUG,
				);
				GCC_SYMBOLS_PRIVATE_EXTERN = NO;
				HEADER_SEARCH_PATHS = (
					"$(inherited)",
					"$(SRCROOT)/../cocos2d/cocos/platform/ios",
					"$(SRCROOT)/../cocos2d/cocos/platform/ios/Simulation",
					"$(SRCROOT)/../../../src/include",
					"$(SRCROOT)/../../../src/ios/include",
					"$(SRCROOT)/../../../lib/oscpack_1_1_0",
					"$(SRCROOT)/../../../lib/oscpack_1_1_0/osc/ip",
					"$(SRCROOT)/../../../lib/cereal-1.1.0/include",
				);
				INFOPLIST_FILE = ios/Info.plist;
				IPHONEOS_DEPLOYMENT_TARGET = 5.0;
				LIBRARY_SEARCH_PATHS = "";
				PROVISIONING_PROFILE = "";
				SDKROOT = iphoneos;
				TARGETED_DEVICE_FAMILY = "1,2";
				USER_HEADER_SEARCH_PATHS = "";
			};
			name = Debug;
		};
		1D6058950D05DD3E006BFB54 /* Release */ = {
			isa = XCBuildConfiguration;
			buildSettings = {
				ALWAYS_SEARCH_USER_PATHS = YES;
				ASSETCATALOG_COMPILER_APPICON_NAME = AppIcon;
				ASSETCATALOG_COMPILER_LAUNCHIMAGE_NAME = LaunchImage;
				CLANG_CXX_LANGUAGE_STANDARD = "gnu++0x";
				CODE_SIGN_IDENTITY = "iPhone Developer";
				"CODE_SIGN_IDENTITY[sdk=iphoneos*]" = "iPhone Developer";
				COMPRESS_PNG_FILES = NO;
				GCC_C_LANGUAGE_STANDARD = gnu99;
				GCC_INLINES_ARE_PRIVATE_EXTERN = NO;
				GCC_INPUT_FILETYPE = sourcecode.cpp.objcpp;
				GCC_PRECOMPILE_PREFIX_HEADER = YES;
				GCC_PREFIX_HEADER = ios/Prefix.pch;
				GCC_PREPROCESSOR_DEFINITIONS = (
					USE_FILE32API,
					CC_TARGET_OS_IPHONE,
					"CC_ENABLE_CHIPMUNK_INTEGRATION=1",
					PLATF_IOS,
				);
				GCC_SYMBOLS_PRIVATE_EXTERN = NO;
				HEADER_SEARCH_PATHS = (
					"$(inherited)",
					"$(SRCROOT)/../cocos2d/cocos/platform/ios",
					"$(SRCROOT)/../cocos2d/cocos/platform/ios/Simulation",
					"$(SRCROOT)/../../../src/include",
					"$(SRCROOT)/../../../src/ios/include",
					"$(SRCROOT)/../../../lib/oscpack_1_1_0",
					"$(SRCROOT)/../../../lib/oscpack_1_1_0/osc/ip",
					"$(SRCROOT)/../../../lib/cereal-1.1.0/include",
				);
				INFOPLIST_FILE = ios/Info.plist;
				IPHONEOS_DEPLOYMENT_TARGET = 5.0;
				LIBRARY_SEARCH_PATHS = "";
				PROVISIONING_PROFILE = "";
				SDKROOT = iphoneos;
				TARGETED_DEVICE_FAMILY = "1,2";
				USER_HEADER_SEARCH_PATHS = "";
			};
			name = Release;
		};
		5087E76D17EB910900C73F5D /* Debug */ = {
			isa = XCBuildConfiguration;
			buildSettings = {
				ALWAYS_SEARCH_USER_PATHS = YES;
				ARCHS = "$(ARCHS_STANDARD_64_BIT)";
				CLANG_CXX_LANGUAGE_STANDARD = "c++0x";
				CLANG_CXX_LIBRARY = "libc++";
				GCC_DYNAMIC_NO_PIC = NO;
				GCC_INLINES_ARE_PRIVATE_EXTERN = NO;
				GCC_PRECOMPILE_PREFIX_HEADER = YES;
				GCC_PREFIX_HEADER = mac/Prefix.pch;
				GCC_PREPROCESSOR_DEFINITIONS = (
					USE_FILE32API,
					CC_TARGET_OS_MAC,
					"COCOS2D_DEBUG=1",
					"CC_ENABLE_CHIPMUNK_INTEGRATION=1",
				);
				GCC_SYMBOLS_PRIVATE_EXTERN = NO;
				HEADER_SEARCH_PATHS = (
					"$(inherited)",
					"$(SRCROOT)/../cocos2d/cocos/platform/mac",
					"$(SRCROOT)/../cocos2d/external/glfw3/include/mac",
				);
				INFOPLIST_FILE = mac/Info.plist;
				LIBRARY_SEARCH_PATHS = "";
				USER_HEADER_SEARCH_PATHS = "";
			};
			name = Debug;
		};
		5087E76E17EB910900C73F5D /* Release */ = {
			isa = XCBuildConfiguration;
			buildSettings = {
				ALWAYS_SEARCH_USER_PATHS = YES;
				ARCHS = "$(ARCHS_STANDARD_64_BIT)";
				CLANG_CXX_LANGUAGE_STANDARD = "c++0x";
				CLANG_CXX_LIBRARY = "libc++";
				GCC_INLINES_ARE_PRIVATE_EXTERN = NO;
				GCC_PRECOMPILE_PREFIX_HEADER = YES;
				GCC_PREFIX_HEADER = mac/Prefix.pch;
				GCC_PREPROCESSOR_DEFINITIONS = (
					USE_FILE32API,
					CC_TARGET_OS_MAC,
					"CC_ENABLE_CHIPMUNK_INTEGRATION=1",
				);
				GCC_SYMBOLS_PRIVATE_EXTERN = NO;
				HEADER_SEARCH_PATHS = (
					"$(inherited)",
					"$(SRCROOT)/../cocos2d/cocos/platform/mac",
					"$(SRCROOT)/../cocos2d/external/glfw3/include/mac",
				);
				INFOPLIST_FILE = mac/Info.plist;
				LIBRARY_SEARCH_PATHS = "";
				USER_HEADER_SEARCH_PATHS = "";
			};
			name = Release;
		};
		C01FCF4F08A954540054247B /* Debug */ = {
			isa = XCBuildConfiguration;
			buildSettings = {
				CLANG_CXX_LANGUAGE_STANDARD = "c++0x";
				CLANG_CXX_LIBRARY = "libc++";
				COPY_PHASE_STRIP = NO;
				GCC_OPTIMIZATION_LEVEL = 0;
				GCC_WARN_ABOUT_RETURN_TYPE = YES;
				GCC_WARN_UNUSED_VARIABLE = YES;
				HEADER_SEARCH_PATHS = (
					"$(SRCROOT)/../cocos2d",
					"$(SRCROOT)/../cocos2d/cocos",
					"$(SRCROOT)/../cocos2d/cocos/base",
					"$(SRCROOT)/../cocos2d/cocos/physics",
					"$(SRCROOT)/../cocos2d/cocos/math",
					"$(SRCROOT)/../cocos2d/cocos/2d",
					"$(SRCROOT)/../cocos2d/cocos/ui",
					"$(SRCROOT)/../cocos2d/cocos/network",
					"$(SRCROOT)/../cocos2d/cocos/audio/include",
					"$(SRCROOT)/../cocos2d/cocos/editor-support",
					"$(SRCROOT)/../cocos2d/extensions",
					"$(SRCROOT)/../cocos2d/external",
					"$(SRCROOT)/../cocos2d/external/chipmunk/include/chipmunk",
				);
				MACOSX_DEPLOYMENT_TARGET = 10.7;
				ONLY_ACTIVE_ARCH = YES;
				PRODUCT_NAME = "$(TARGET_NAME)";
				SDKROOT = macosx;
			};
			name = Debug;
		};
		C01FCF5008A954540054247B /* Release */ = {
			isa = XCBuildConfiguration;
			buildSettings = {
				CLANG_CXX_LANGUAGE_STANDARD = "c++0x";
				CLANG_CXX_LIBRARY = "libc++";
				GCC_WARN_ABOUT_RETURN_TYPE = YES;
				GCC_WARN_UNUSED_VARIABLE = YES;
				HEADER_SEARCH_PATHS = (
					"$(SRCROOT)/../cocos2d",
					"$(SRCROOT)/../cocos2d/cocos",
					"$(SRCROOT)/../cocos2d/cocos/base",
					"$(SRCROOT)/../cocos2d/cocos/physics",
					"$(SRCROOT)/../cocos2d/cocos/math",
					"$(SRCROOT)/../cocos2d/cocos/2d",
					"$(SRCROOT)/../cocos2d/cocos/ui",
					"$(SRCROOT)/../cocos2d/cocos/network",
					"$(SRCROOT)/../cocos2d/cocos/audio/include",
					"$(SRCROOT)/../cocos2d/cocos/editor-support",
					"$(SRCROOT)/../cocos2d/extensions",
					"$(SRCROOT)/../cocos2d/external",
					"$(SRCROOT)/../cocos2d/external/chipmunk/include/chipmunk",
				);
				MACOSX_DEPLOYMENT_TARGET = 10.7;
				OTHER_CFLAGS = "-DNS_BLOCK_ASSERTIONS=1";
				PRODUCT_NAME = "$(TARGET_NAME)";
				SDKROOT = macosx;
				VALIDATE_PRODUCT = YES;
			};
			name = Release;
		};
/* End XCBuildConfiguration section */

/* Begin XCConfigurationList section */
		1D6058960D05DD3E006BFB54 /* Build configuration list for PBXNativeTarget "ScdfController iOS" */ = {
			isa = XCConfigurationList;
			buildConfigurations = (
				1D6058940D05DD3E006BFB54 /* Debug */,
				1D6058950D05DD3E006BFB54 /* Release */,
			);
			defaultConfigurationIsVisible = 0;
			defaultConfigurationName = Debug;
		};
		5087E76C17EB910900C73F5D /* Build configuration list for PBXNativeTarget "ScdfController Mac" */ = {
			isa = XCConfigurationList;
			buildConfigurations = (
				5087E76D17EB910900C73F5D /* Debug */,
				5087E76E17EB910900C73F5D /* Release */,
			);
			defaultConfigurationIsVisible = 0;
			defaultConfigurationName = Debug;
		};
		C01FCF4E08A954540054247B /* Build configuration list for PBXProject "ScdfController" */ = {
			isa = XCConfigurationList;
			buildConfigurations = (
				C01FCF4F08A954540054247B /* Debug */,
				C01FCF5008A954540054247B /* Release */,
			);
			defaultConfigurationIsVisible = 0;
			defaultConfigurationName = Debug;
		};
/* End XCConfigurationList section */
	};
	rootObject = 29B97313FDCFA39411CA2CEA /* Project object */;
}
